// !$*UTF8*$!
{
	archiveVersion = 1;
	classes = {
	};
	objectVersion = 56;
	objects = {

/* Begin PBXBuildFile section */
		9A3D459938E7EBEDC6004325 /* Pods_TrackerTests.framework in Frameworks */ = {isa = PBXBuildFile; fileRef = D98082F363022088FA66CAA8 /* Pods_TrackerTests.framework */; };
		AA873EBC2A4CB3C7005DF9EE /* Extensions.swift in Sources */ = {isa = PBXBuildFile; fileRef = AA873EBB2A4CB3C6005DF9EE /* Extensions.swift */; };
		AA873EC02A545A78005DF9EE /* IrregularEventViewController.swift in Sources */ = {isa = PBXBuildFile; fileRef = AA873EBF2A545A78005DF9EE /* IrregularEventViewController.swift */; };
		AA873F012A606073005DF9EE /* EmojiCell.swift in Sources */ = {isa = PBXBuildFile; fileRef = AA873F002A606073005DF9EE /* EmojiCell.swift */; };
		AA873F032A64436A005DF9EE /* SupplementaryTableView.swift in Sources */ = {isa = PBXBuildFile; fileRef = AA873F022A64436A005DF9EE /* SupplementaryTableView.swift */; };
		AA9131CA2A30AE3700CD0A32 /* SupplementaryView.swift in Sources */ = {isa = PBXBuildFile; fileRef = AA9131C92A30AE3700CD0A32 /* SupplementaryView.swift */; };
		AA9131CE2A324DFA00CD0A32 /* UIViewControllerExtension.swift in Sources */ = {isa = PBXBuildFile; fileRef = AA9131CD2A324DFA00CD0A32 /* UIViewControllerExtension.swift */; };
		AA9131D32A36431B00CD0A32 /* AddTrackerViewController.swift in Sources */ = {isa = PBXBuildFile; fileRef = AA9131D02A3641B800CD0A32 /* AddTrackerViewController.swift */; };
		AA9131D52A36501700CD0A32 /* NewHabitViewController.swift in Sources */ = {isa = PBXBuildFile; fileRef = AA9131D42A36501700CD0A32 /* NewHabitViewController.swift */; };
		AA9131D92A36650900CD0A32 /* PaddingTextField.swift in Sources */ = {isa = PBXBuildFile; fileRef = AA9131D82A36650900CD0A32 /* PaddingTextField.swift */; };
		AA9131DB2A37998B00CD0A32 /* TrackerModel.swift in Sources */ = {isa = PBXBuildFile; fileRef = AA9131DA2A37998B00CD0A32 /* TrackerModel.swift */; };
		AA9131DE2A37AC5100CD0A32 /* CategoriesViewController.swift in Sources */ = {isa = PBXBuildFile; fileRef = AA9131DD2A37AC5100CD0A32 /* CategoriesViewController.swift */; };
		AA9131E02A37B18E00CD0A32 /* AddNewCategoryViewController.swift in Sources */ = {isa = PBXBuildFile; fileRef = AA9131DF2A37B18E00CD0A32 /* AddNewCategoryViewController.swift */; };
		AA9131E22A37B94600CD0A32 /* TimeTableViewController.swift in Sources */ = {isa = PBXBuildFile; fileRef = AA9131E12A37B94600CD0A32 /* TimeTableViewController.swift */; };
		AA9131E42A3A49E900CD0A32 /* TrackersController.swift in Sources */ = {isa = PBXBuildFile; fileRef = AA9131E32A3A49E900CD0A32 /* TrackersController.swift */; };
		AAAD12D92A7FECB1004CC6A5 /* ColorCell.swift in Sources */ = {isa = PBXBuildFile; fileRef = AAAD12D82A7FECB1004CC6A5 /* ColorCell.swift */; };
		AAAD12DC2A922D6A004CC6A5 /* TrackerCoreData.xcdatamodeld in Sources */ = {isa = PBXBuildFile; fileRef = AAAD12DA2A922D6A004CC6A5 /* TrackerCoreData.xcdatamodeld */; };
		AAAD12E02A923AB4004CC6A5 /* TrackerStore.swift in Sources */ = {isa = PBXBuildFile; fileRef = AAAD12DF2A923AB4004CC6A5 /* TrackerStore.swift */; };
		AAAD12E22A967FE4004CC6A5 /* TrackerCategoryStore.swift in Sources */ = {isa = PBXBuildFile; fileRef = AAAD12E12A967FE4004CC6A5 /* TrackerCategoryStore.swift */; };
		AAAD12E42A967FF1004CC6A5 /* TrackerRecordStore.swift in Sources */ = {isa = PBXBuildFile; fileRef = AAAD12E32A967FF1004CC6A5 /* TrackerRecordStore.swift */; };
		AAAD12E62A9A6474004CC6A5 /* DataProvider.swift in Sources */ = {isa = PBXBuildFile; fileRef = AAAD12E52A9A6474004CC6A5 /* DataProvider.swift */; };
		AAAD12E92AB33922004CC6A5 /* OnbordingViewController.swift in Sources */ = {isa = PBXBuildFile; fileRef = AAAD12E82AB33922004CC6A5 /* OnbordingViewController.swift */; };
		AAAD12EB2AB33976004CC6A5 /* OnbordingUIPageViewController.swift in Sources */ = {isa = PBXBuildFile; fileRef = AAAD12EA2AB33976004CC6A5 /* OnbordingUIPageViewController.swift */; };
		AAAD12ED2AC71FAD004CC6A5 /* CategoriesViewModel.swift in Sources */ = {isa = PBXBuildFile; fileRef = AAAD12EC2AC71FAD004CC6A5 /* CategoriesViewModel.swift */; };
		AAAD12F02ACC8FA7004CC6A5 /* Localizable.strings in Resources */ = {isa = PBXBuildFile; fileRef = AAAD12F22ACC8FA7004CC6A5 /* Localizable.strings */; };
		AAAD12FE2ACF3D55004CC6A5 /* Localizable.stringsdict in Resources */ = {isa = PBXBuildFile; fileRef = AAAD13002ACF3D55004CC6A5 /* Localizable.stringsdict */; };
		AAE80FD62A213E5D00A35195 /* AppDelegate.swift in Sources */ = {isa = PBXBuildFile; fileRef = AAE80FD52A213E5D00A35195 /* AppDelegate.swift */; };
		AAE80FD82A213E5D00A35195 /* SceneDelegate.swift in Sources */ = {isa = PBXBuildFile; fileRef = AAE80FD72A213E5D00A35195 /* SceneDelegate.swift */; };
		AAE80FDA2A213E5D00A35195 /* TabViewController.swift in Sources */ = {isa = PBXBuildFile; fileRef = AAE80FD92A213E5D00A35195 /* TabViewController.swift */; };
		AAE80FDF2A213E5E00A35195 /* Assets.xcassets in Resources */ = {isa = PBXBuildFile; fileRef = AAE80FDE2A213E5E00A35195 /* Assets.xcassets */; };
		AAE80FED2A213E5E00A35195 /* TrackerTests.swift in Sources */ = {isa = PBXBuildFile; fileRef = AAE80FEC2A213E5E00A35195 /* TrackerTests.swift */; };
		AAE80FF72A213E5E00A35195 /* TrackerUITests.swift in Sources */ = {isa = PBXBuildFile; fileRef = AAE80FF62A213E5E00A35195 /* TrackerUITests.swift */; };
		AAE80FF92A213E5E00A35195 /* TrackerUITestsLaunchTests.swift in Sources */ = {isa = PBXBuildFile; fileRef = AAE80FF82A213E5E00A35195 /* TrackerUITestsLaunchTests.swift */; };
		AAE810482A2DEC0400A35195 /* LaunchScreen.swift in Sources */ = {isa = PBXBuildFile; fileRef = AAE810472A2DEC0400A35195 /* LaunchScreen.swift */; };
		AAE8104A2A2F438700A35195 /* TrackersViewController.swift in Sources */ = {isa = PBXBuildFile; fileRef = AAE810492A2F438700A35195 /* TrackersViewController.swift */; };
		AAE8104C2A2F83EF00A35195 /* TrackerCell.swift in Sources */ = {isa = PBXBuildFile; fileRef = AAE8104B2A2F83EF00A35195 /* TrackerCell.swift */; };
		AAFDD7A92AD2D72F00E66E31 /* EditViewController.swift in Sources */ = {isa = PBXBuildFile; fileRef = AAFDD7A82AD2D72F00E66E31 /* EditViewController.swift */; };
		AAFDD7AB2AD876AD00E66E31 /* StatisticsViewController.swift in Sources */ = {isa = PBXBuildFile; fileRef = AAFDD7AA2AD876AD00E66E31 /* StatisticsViewController.swift */; };
		AAFDD7AE2AD876F700E66E31 /* StatisticsCell.swift in Sources */ = {isa = PBXBuildFile; fileRef = AAFDD7AD2AD876F700E66E31 /* StatisticsCell.swift */; };
		AAFDD7B02AD8789600E66E31 /* Statistics.swift in Sources */ = {isa = PBXBuildFile; fileRef = AAFDD7AF2AD8789600E66E31 /* Statistics.swift */; };
		AAFDD7B22AD878C700E66E31 /* StatisticsStore.swift in Sources */ = {isa = PBXBuildFile; fileRef = AAFDD7B12AD878C700E66E31 /* StatisticsStore.swift */; };
		AAFDD7BA2AD9BC8A00E66E31 /* InlineSnapshotTesting in Frameworks */ = {isa = PBXBuildFile; productRef = AAFDD7B92AD9BC8A00E66E31 /* InlineSnapshotTesting */; };
		AAFDD7BC2AD9BC8A00E66E31 /* SnapshotTesting in Frameworks */ = {isa = PBXBuildFile; productRef = AAFDD7BB2AD9BC8A00E66E31 /* SnapshotTesting */; };
		AFB03C065959D7FB583C3A9C /* Pods_Tracker.framework in Frameworks */ = {isa = PBXBuildFile; fileRef = C1B7C77E86C0ECAAF048DDAE /* Pods_Tracker.framework */; };
		D7B23778E2B2561DC1BCA043 /* Pods_Tracker_TrackerUITests.framework in Frameworks */ = {isa = PBXBuildFile; fileRef = 3C8600DF67C74BF01EA9B288 /* Pods_Tracker_TrackerUITests.framework */; };
/* End PBXBuildFile section */

/* Begin PBXContainerItemProxy section */
		AAE80FE92A213E5E00A35195 /* PBXContainerItemProxy */ = {
			isa = PBXContainerItemProxy;
			containerPortal = AAE80FCA2A213E5D00A35195 /* Project object */;
			proxyType = 1;
			remoteGlobalIDString = AAE80FD12A213E5D00A35195;
			remoteInfo = Tracker;
		};
		AAE80FF32A213E5E00A35195 /* PBXContainerItemProxy */ = {
			isa = PBXContainerItemProxy;
			containerPortal = AAE80FCA2A213E5D00A35195 /* Project object */;
			proxyType = 1;
			remoteGlobalIDString = AAE80FD12A213E5D00A35195;
			remoteInfo = Tracker;
		};
/* End PBXContainerItemProxy section */

/* Begin PBXFileReference section */
		13A63221877CADCAE7C1965F /* Pods-Tracker.debug.xcconfig */ = {isa = PBXFileReference; includeInIndex = 1; lastKnownFileType = text.xcconfig; name = "Pods-Tracker.debug.xcconfig"; path = "Target Support Files/Pods-Tracker/Pods-Tracker.debug.xcconfig"; sourceTree = "<group>"; };
		1F757D3A8D6C5ADB9EDE6E52 /* Pods-Tracker.release.xcconfig */ = {isa = PBXFileReference; includeInIndex = 1; lastKnownFileType = text.xcconfig; name = "Pods-Tracker.release.xcconfig"; path = "Target Support Files/Pods-Tracker/Pods-Tracker.release.xcconfig"; sourceTree = "<group>"; };
		3C8600DF67C74BF01EA9B288 /* Pods_Tracker_TrackerUITests.framework */ = {isa = PBXFileReference; explicitFileType = wrapper.framework; includeInIndex = 0; path = Pods_Tracker_TrackerUITests.framework; sourceTree = BUILT_PRODUCTS_DIR; };
		54AA695638587669C25C7658 /* Pods-TrackerTests.release.xcconfig */ = {isa = PBXFileReference; includeInIndex = 1; lastKnownFileType = text.xcconfig; name = "Pods-TrackerTests.release.xcconfig"; path = "Target Support Files/Pods-TrackerTests/Pods-TrackerTests.release.xcconfig"; sourceTree = "<group>"; };
		6255AD48A8BE257717B6D3F4 /* Pods-TrackerTests.debug.xcconfig */ = {isa = PBXFileReference; includeInIndex = 1; lastKnownFileType = text.xcconfig; name = "Pods-TrackerTests.debug.xcconfig"; path = "Target Support Files/Pods-TrackerTests/Pods-TrackerTests.debug.xcconfig"; sourceTree = "<group>"; };
		708EB7A7E8F25613780344C8 /* Pods-Tracker-TrackerUITests.debug.xcconfig */ = {isa = PBXFileReference; includeInIndex = 1; lastKnownFileType = text.xcconfig; name = "Pods-Tracker-TrackerUITests.debug.xcconfig"; path = "Target Support Files/Pods-Tracker-TrackerUITests/Pods-Tracker-TrackerUITests.debug.xcconfig"; sourceTree = "<group>"; };
		AA873EBB2A4CB3C6005DF9EE /* Extensions.swift */ = {isa = PBXFileReference; lastKnownFileType = sourcecode.swift; path = Extensions.swift; sourceTree = "<group>"; };
		AA873EBF2A545A78005DF9EE /* IrregularEventViewController.swift */ = {isa = PBXFileReference; lastKnownFileType = sourcecode.swift; path = IrregularEventViewController.swift; sourceTree = "<group>"; };
		AA873F002A606073005DF9EE /* EmojiCell.swift */ = {isa = PBXFileReference; lastKnownFileType = sourcecode.swift; path = EmojiCell.swift; sourceTree = "<group>"; };
		AA873F022A64436A005DF9EE /* SupplementaryTableView.swift */ = {isa = PBXFileReference; lastKnownFileType = sourcecode.swift; path = SupplementaryTableView.swift; sourceTree = "<group>"; };
		AA8979F35F6009F90922F79B /* Pods-Tracker-TrackerUITests.release.xcconfig */ = {isa = PBXFileReference; includeInIndex = 1; lastKnownFileType = text.xcconfig; name = "Pods-Tracker-TrackerUITests.release.xcconfig"; path = "Target Support Files/Pods-Tracker-TrackerUITests/Pods-Tracker-TrackerUITests.release.xcconfig"; sourceTree = "<group>"; };
		AA9131C92A30AE3700CD0A32 /* SupplementaryView.swift */ = {isa = PBXFileReference; lastKnownFileType = sourcecode.swift; path = SupplementaryView.swift; sourceTree = "<group>"; };
		AA9131CD2A324DFA00CD0A32 /* UIViewControllerExtension.swift */ = {isa = PBXFileReference; lastKnownFileType = sourcecode.swift; path = UIViewControllerExtension.swift; sourceTree = "<group>"; };
		AA9131D02A3641B800CD0A32 /* AddTrackerViewController.swift */ = {isa = PBXFileReference; lastKnownFileType = sourcecode.swift; path = AddTrackerViewController.swift; sourceTree = "<group>"; };
		AA9131D42A36501700CD0A32 /* NewHabitViewController.swift */ = {isa = PBXFileReference; lastKnownFileType = sourcecode.swift; path = NewHabitViewController.swift; sourceTree = "<group>"; };
		AA9131D82A36650900CD0A32 /* PaddingTextField.swift */ = {isa = PBXFileReference; lastKnownFileType = sourcecode.swift; path = PaddingTextField.swift; sourceTree = "<group>"; };
		AA9131DA2A37998B00CD0A32 /* TrackerModel.swift */ = {isa = PBXFileReference; lastKnownFileType = sourcecode.swift; path = TrackerModel.swift; sourceTree = "<group>"; };
		AA9131DD2A37AC5100CD0A32 /* CategoriesViewController.swift */ = {isa = PBXFileReference; lastKnownFileType = sourcecode.swift; path = CategoriesViewController.swift; sourceTree = "<group>"; };
		AA9131DF2A37B18E00CD0A32 /* AddNewCategoryViewController.swift */ = {isa = PBXFileReference; lastKnownFileType = sourcecode.swift; path = AddNewCategoryViewController.swift; sourceTree = "<group>"; };
		AA9131E12A37B94600CD0A32 /* TimeTableViewController.swift */ = {isa = PBXFileReference; lastKnownFileType = sourcecode.swift; path = TimeTableViewController.swift; sourceTree = "<group>"; };
		AA9131E32A3A49E900CD0A32 /* TrackersController.swift */ = {isa = PBXFileReference; lastKnownFileType = sourcecode.swift; path = TrackersController.swift; sourceTree = "<group>"; };
		AAAD12D82A7FECB1004CC6A5 /* ColorCell.swift */ = {isa = PBXFileReference; lastKnownFileType = sourcecode.swift; path = ColorCell.swift; sourceTree = "<group>"; };
		AAAD12DB2A922D6A004CC6A5 /* TrackerCoreData.xcdatamodel */ = {isa = PBXFileReference; lastKnownFileType = wrapper.xcdatamodel; path = TrackerCoreData.xcdatamodel; sourceTree = "<group>"; };
		AAAD12DF2A923AB4004CC6A5 /* TrackerStore.swift */ = {isa = PBXFileReference; lastKnownFileType = sourcecode.swift; path = TrackerStore.swift; sourceTree = "<group>"; };
		AAAD12E12A967FE4004CC6A5 /* TrackerCategoryStore.swift */ = {isa = PBXFileReference; lastKnownFileType = sourcecode.swift; path = TrackerCategoryStore.swift; sourceTree = "<group>"; };
		AAAD12E32A967FF1004CC6A5 /* TrackerRecordStore.swift */ = {isa = PBXFileReference; lastKnownFileType = sourcecode.swift; path = TrackerRecordStore.swift; sourceTree = "<group>"; };
		AAAD12E52A9A6474004CC6A5 /* DataProvider.swift */ = {isa = PBXFileReference; lastKnownFileType = sourcecode.swift; path = DataProvider.swift; sourceTree = "<group>"; };
		AAAD12E82AB33922004CC6A5 /* OnbordingViewController.swift */ = {isa = PBXFileReference; lastKnownFileType = sourcecode.swift; path = OnbordingViewController.swift; sourceTree = "<group>"; };
		AAAD12EA2AB33976004CC6A5 /* OnbordingUIPageViewController.swift */ = {isa = PBXFileReference; lastKnownFileType = sourcecode.swift; path = OnbordingUIPageViewController.swift; sourceTree = "<group>"; };
		AAAD12EC2AC71FAD004CC6A5 /* CategoriesViewModel.swift */ = {isa = PBXFileReference; lastKnownFileType = sourcecode.swift; path = CategoriesViewModel.swift; sourceTree = "<group>"; };
		AAAD12F12ACC8FA7004CC6A5 /* en */ = {isa = PBXFileReference; lastKnownFileType = text.plist.strings; name = en; path = en.lproj/Localizable.strings; sourceTree = "<group>"; };
		AAAD12F32ACC8FAF004CC6A5 /* nl */ = {isa = PBXFileReference; lastKnownFileType = text.plist.strings; name = nl; path = nl.lproj/Localizable.strings; sourceTree = "<group>"; };
		AAAD12F42ACC8FB0004CC6A5 /* ru */ = {isa = PBXFileReference; lastKnownFileType = text.plist.strings; name = ru; path = ru.lproj/Localizable.strings; sourceTree = "<group>"; };
		AAAD12FF2ACF3D55004CC6A5 /* ru */ = {isa = PBXFileReference; lastKnownFileType = text.plist.stringsdict; name = ru; path = ru.lproj/Localizable.stringsdict; sourceTree = "<group>"; };
		AAAD13022ACF3D84004CC6A5 /* en */ = {isa = PBXFileReference; lastKnownFileType = text.plist.stringsdict; name = en; path = en.lproj/Localizable.stringsdict; sourceTree = "<group>"; };
		AAE80FD22A213E5D00A35195 /* Tracker.app */ = {isa = PBXFileReference; explicitFileType = wrapper.application; includeInIndex = 0; path = Tracker.app; sourceTree = BUILT_PRODUCTS_DIR; };
		AAE80FD52A213E5D00A35195 /* AppDelegate.swift */ = {isa = PBXFileReference; lastKnownFileType = sourcecode.swift; path = AppDelegate.swift; sourceTree = "<group>"; };
		AAE80FD72A213E5D00A35195 /* SceneDelegate.swift */ = {isa = PBXFileReference; lastKnownFileType = sourcecode.swift; path = SceneDelegate.swift; sourceTree = "<group>"; };
		AAE80FD92A213E5D00A35195 /* TabViewController.swift */ = {isa = PBXFileReference; lastKnownFileType = sourcecode.swift; path = TabViewController.swift; sourceTree = "<group>"; };
		AAE80FDE2A213E5E00A35195 /* Assets.xcassets */ = {isa = PBXFileReference; lastKnownFileType = folder.assetcatalog; path = Assets.xcassets; sourceTree = "<group>"; };
		AAE80FE32A213E5E00A35195 /* Info.plist */ = {isa = PBXFileReference; lastKnownFileType = text.plist.xml; path = Info.plist; sourceTree = "<group>"; };
		AAE80FE82A213E5E00A35195 /* TrackerTests.xctest */ = {isa = PBXFileReference; explicitFileType = wrapper.cfbundle; includeInIndex = 0; path = TrackerTests.xctest; sourceTree = BUILT_PRODUCTS_DIR; };
		AAE80FEC2A213E5E00A35195 /* TrackerTests.swift */ = {isa = PBXFileReference; lastKnownFileType = sourcecode.swift; path = TrackerTests.swift; sourceTree = "<group>"; };
		AAE80FF22A213E5E00A35195 /* TrackerUITests.xctest */ = {isa = PBXFileReference; explicitFileType = wrapper.cfbundle; includeInIndex = 0; path = TrackerUITests.xctest; sourceTree = BUILT_PRODUCTS_DIR; };
		AAE80FF62A213E5E00A35195 /* TrackerUITests.swift */ = {isa = PBXFileReference; lastKnownFileType = sourcecode.swift; path = TrackerUITests.swift; sourceTree = "<group>"; };
		AAE80FF82A213E5E00A35195 /* TrackerUITestsLaunchTests.swift */ = {isa = PBXFileReference; lastKnownFileType = sourcecode.swift; path = TrackerUITestsLaunchTests.swift; sourceTree = "<group>"; };
		AAE810472A2DEC0400A35195 /* LaunchScreen.swift */ = {isa = PBXFileReference; lastKnownFileType = sourcecode.swift; path = LaunchScreen.swift; sourceTree = "<group>"; };
		AAE810492A2F438700A35195 /* TrackersViewController.swift */ = {isa = PBXFileReference; lastKnownFileType = sourcecode.swift; path = TrackersViewController.swift; sourceTree = "<group>"; };
		AAE8104B2A2F83EF00A35195 /* TrackerCell.swift */ = {isa = PBXFileReference; lastKnownFileType = sourcecode.swift; path = TrackerCell.swift; sourceTree = "<group>"; };
		AAFDD7A82AD2D72F00E66E31 /* EditViewController.swift */ = {isa = PBXFileReference; lastKnownFileType = sourcecode.swift; path = EditViewController.swift; sourceTree = "<group>"; };
		AAFDD7AA2AD876AD00E66E31 /* StatisticsViewController.swift */ = {isa = PBXFileReference; lastKnownFileType = sourcecode.swift; path = StatisticsViewController.swift; sourceTree = "<group>"; };
		AAFDD7AD2AD876F700E66E31 /* StatisticsCell.swift */ = {isa = PBXFileReference; lastKnownFileType = sourcecode.swift; path = StatisticsCell.swift; sourceTree = "<group>"; };
		AAFDD7AF2AD8789600E66E31 /* Statistics.swift */ = {isa = PBXFileReference; lastKnownFileType = sourcecode.swift; path = Statistics.swift; sourceTree = "<group>"; };
		AAFDD7B12AD878C700E66E31 /* StatisticsStore.swift */ = {isa = PBXFileReference; lastKnownFileType = sourcecode.swift; path = StatisticsStore.swift; sourceTree = "<group>"; };
		C1B7C77E86C0ECAAF048DDAE /* Pods_Tracker.framework */ = {isa = PBXFileReference; explicitFileType = wrapper.framework; includeInIndex = 0; path = Pods_Tracker.framework; sourceTree = BUILT_PRODUCTS_DIR; };
		D98082F363022088FA66CAA8 /* Pods_TrackerTests.framework */ = {isa = PBXFileReference; explicitFileType = wrapper.framework; includeInIndex = 0; path = Pods_TrackerTests.framework; sourceTree = BUILT_PRODUCTS_DIR; };
/* End PBXFileReference section */

/* Begin PBXFrameworksBuildPhase section */
		AAE80FCF2A213E5D00A35195 /* Frameworks */ = {
			isa = PBXFrameworksBuildPhase;
			buildActionMask = 2147483647;
			files = (
				AFB03C065959D7FB583C3A9C /* Pods_Tracker.framework in Frameworks */,
			);
			runOnlyForDeploymentPostprocessing = 0;
		};
		AAE80FE52A213E5E00A35195 /* Frameworks */ = {
			isa = PBXFrameworksBuildPhase;
			buildActionMask = 2147483647;
			files = (
				AAFDD7BC2AD9BC8A00E66E31 /* SnapshotTesting in Frameworks */,
				AAFDD7BA2AD9BC8A00E66E31 /* InlineSnapshotTesting in Frameworks */,
				9A3D459938E7EBEDC6004325 /* Pods_TrackerTests.framework in Frameworks */,
			);
			runOnlyForDeploymentPostprocessing = 0;
		};
		AAE80FEF2A213E5E00A35195 /* Frameworks */ = {
			isa = PBXFrameworksBuildPhase;
			buildActionMask = 2147483647;
			files = (
				D7B23778E2B2561DC1BCA043 /* Pods_Tracker_TrackerUITests.framework in Frameworks */,
			);
			runOnlyForDeploymentPostprocessing = 0;
		};
/* End PBXFrameworksBuildPhase section */

/* Begin PBXGroup section */
		356F4281407871AA9BA5D1C3 /* Pods */ = {
			isa = PBXGroup;
			children = (
				13A63221877CADCAE7C1965F /* Pods-Tracker.debug.xcconfig */,
				1F757D3A8D6C5ADB9EDE6E52 /* Pods-Tracker.release.xcconfig */,
				708EB7A7E8F25613780344C8 /* Pods-Tracker-TrackerUITests.debug.xcconfig */,
				AA8979F35F6009F90922F79B /* Pods-Tracker-TrackerUITests.release.xcconfig */,
				6255AD48A8BE257717B6D3F4 /* Pods-TrackerTests.debug.xcconfig */,
				54AA695638587669C25C7658 /* Pods-TrackerTests.release.xcconfig */,
			);
			path = Pods;
			sourceTree = "<group>";
		};
		4B6867C48223190A344FA06C /* Frameworks */ = {
			isa = PBXGroup;
			children = (
				C1B7C77E86C0ECAAF048DDAE /* Pods_Tracker.framework */,
				3C8600DF67C74BF01EA9B288 /* Pods_Tracker_TrackerUITests.framework */,
				D98082F363022088FA66CAA8 /* Pods_TrackerTests.framework */,
			);
			name = Frameworks;
			sourceTree = "<group>";
		};
		AA9131CF2A36415200CD0A32 /* Trackers */ = {
			isa = PBXGroup;
			children = (
				AAE810492A2F438700A35195 /* TrackersViewController.swift */,
				AAE8104B2A2F83EF00A35195 /* TrackerCell.swift */,
				AA9131C92A30AE3700CD0A32 /* SupplementaryView.swift */,
				AA9131DA2A37998B00CD0A32 /* TrackerModel.swift */,
				AA9131E32A3A49E900CD0A32 /* TrackersController.swift */,
			);
			path = Trackers;
			sourceTree = "<group>";
		};
		AA9131D62A3650BA00CD0A32 /* TabViewController */ = {
			isa = PBXGroup;
			children = (
				AA9131CD2A324DFA00CD0A32 /* UIViewControllerExtension.swift */,
				AAE80FD92A213E5D00A35195 /* TabViewController.swift */,
			);
			path = TabViewController;
			sourceTree = "<group>";
		};
		AA9131D72A3664E700CD0A32 /* Utils */ = {
			isa = PBXGroup;
			children = (
				AA9131D82A36650900CD0A32 /* PaddingTextField.swift */,
				AA873EBB2A4CB3C6005DF9EE /* Extensions.swift */,
			);
			path = Utils;
			sourceTree = "<group>";
		};
		AA9131DC2A37AC2D00CD0A32 /* Categories */ = {
			isa = PBXGroup;
			children = (
				AA9131DD2A37AC5100CD0A32 /* CategoriesViewController.swift */,
				AA9131DF2A37B18E00CD0A32 /* AddNewCategoryViewController.swift */,
				AAAD12EC2AC71FAD004CC6A5 /* CategoriesViewModel.swift */,
			);
			path = Categories;
			sourceTree = "<group>";
		};
		AAAD12DD2A92398E004CC6A5 /* AddTracker */ = {
			isa = PBXGroup;
			children = (
				AA9131D02A3641B800CD0A32 /* AddTrackerViewController.swift */,
				AA9131D42A36501700CD0A32 /* NewHabitViewController.swift */,
				AA873EBF2A545A78005DF9EE /* IrregularEventViewController.swift */,
				AA9131E12A37B94600CD0A32 /* TimeTableViewController.swift */,
				AA873F002A606073005DF9EE /* EmojiCell.swift */,
				AAAD12D82A7FECB1004CC6A5 /* ColorCell.swift */,
				AA873F022A64436A005DF9EE /* SupplementaryTableView.swift */,
			);
			path = AddTracker;
			sourceTree = "<group>";
		};
		AAAD12E72AB33871004CC6A5 /* Onbording */ = {
			isa = PBXGroup;
			children = (
				AAAD12E82AB33922004CC6A5 /* OnbordingViewController.swift */,
				AAAD12EA2AB33976004CC6A5 /* OnbordingUIPageViewController.swift */,
			);
			path = Onbording;
			sourceTree = "<group>";
		};
		AAE80FC92A213E5D00A35195 = {
			isa = PBXGroup;
			children = (
				AAFDD7A82AD2D72F00E66E31 /* EditViewController.swift */,
				AAAD13002ACF3D55004CC6A5 /* Localizable.stringsdict */,
				AAAD12F22ACC8FA7004CC6A5 /* Localizable.strings */,
				AAE80FD42A213E5D00A35195 /* Tracker */,
				AAE80FEB2A213E5E00A35195 /* TrackerTests */,
				AAE80FF52A213E5E00A35195 /* TrackerUITests */,
				AAE80FD32A213E5D00A35195 /* Products */,
				356F4281407871AA9BA5D1C3 /* Pods */,
				4B6867C48223190A344FA06C /* Frameworks */,
			);
			sourceTree = "<group>";
		};
		AAE80FD32A213E5D00A35195 /* Products */ = {
			isa = PBXGroup;
			children = (
				AAE80FD22A213E5D00A35195 /* Tracker.app */,
				AAE80FE82A213E5E00A35195 /* TrackerTests.xctest */,
				AAE80FF22A213E5E00A35195 /* TrackerUITests.xctest */,
			);
			name = Products;
			sourceTree = "<group>";
		};
		AAE80FD42A213E5D00A35195 /* Tracker */ = {
			isa = PBXGroup;
			children = (
				AAFDD7AC2AD876EB00E66E31 /* Statistics */,
				AAE80FDE2A213E5E00A35195 /* Assets.xcassets */,
				AAAD12E72AB33871004CC6A5 /* Onbording */,
				AA9131DC2A37AC2D00CD0A32 /* Categories */,
				AA9131D62A3650BA00CD0A32 /* TabViewController */,
				AA9131CF2A36415200CD0A32 /* Trackers */,
				AAE80FD52A213E5D00A35195 /* AppDelegate.swift */,
				AAE80FD72A213E5D00A35195 /* SceneDelegate.swift */,
				AAE810472A2DEC0400A35195 /* LaunchScreen.swift */,
				AAAD12DD2A92398E004CC6A5 /* AddTracker */,
				AAE80FE32A213E5E00A35195 /* Info.plist */,
				AA9131D72A3664E700CD0A32 /* Utils */,
				AAAD12DA2A922D6A004CC6A5 /* TrackerCoreData.xcdatamodeld */,
				AAAD12DF2A923AB4004CC6A5 /* TrackerStore.swift */,
				AAAD12E12A967FE4004CC6A5 /* TrackerCategoryStore.swift */,
				AAAD12E32A967FF1004CC6A5 /* TrackerRecordStore.swift */,
				AAAD12E52A9A6474004CC6A5 /* DataProvider.swift */,
			);
			path = Tracker;
			sourceTree = "<group>";
		};
		AAE80FEB2A213E5E00A35195 /* TrackerTests */ = {
			isa = PBXGroup;
			children = (
				AAE80FEC2A213E5E00A35195 /* TrackerTests.swift */,
			);
			path = TrackerTests;
			sourceTree = "<group>";
		};
		AAE80FF52A213E5E00A35195 /* TrackerUITests */ = {
			isa = PBXGroup;
			children = (
				AAE80FF62A213E5E00A35195 /* TrackerUITests.swift */,
				AAE80FF82A213E5E00A35195 /* TrackerUITestsLaunchTests.swift */,
			);
			path = TrackerUITests;
			sourceTree = "<group>";
		};
		AAFDD7AC2AD876EB00E66E31 /* Statistics */ = {
			isa = PBXGroup;
			children = (
				AAFDD7AD2AD876F700E66E31 /* StatisticsCell.swift */,
				AAFDD7AA2AD876AD00E66E31 /* StatisticsViewController.swift */,
				AAFDD7AF2AD8789600E66E31 /* Statistics.swift */,
				AAFDD7B12AD878C700E66E31 /* StatisticsStore.swift */,
			);
			path = Statistics;
			sourceTree = "<group>";
		};
/* End PBXGroup section */

/* Begin PBXNativeTarget section */
		AAE80FD12A213E5D00A35195 /* Tracker */ = {
			isa = PBXNativeTarget;
			buildConfigurationList = AAE80FFC2A213E5E00A35195 /* Build configuration list for PBXNativeTarget "Tracker" */;
			buildPhases = (
				245EB4714FDFAF184CDBC579 /* [CP] Check Pods Manifest.lock */,
				AAE80FCE2A213E5D00A35195 /* Sources */,
				AAE80FCF2A213E5D00A35195 /* Frameworks */,
				AAE80FD02A213E5D00A35195 /* Resources */,
				B55D375B2D77EB979D0B7A38 /* [CP] Embed Pods Frameworks */,
			);
			buildRules = (
			);
			dependencies = (
			);
			name = Tracker;
			productName = Tracker;
			productReference = AAE80FD22A213E5D00A35195 /* Tracker.app */;
			productType = "com.apple.product-type.application";
		};
		AAE80FE72A213E5E00A35195 /* TrackerTests */ = {
			isa = PBXNativeTarget;
			buildConfigurationList = AAE80FFF2A213E5E00A35195 /* Build configuration list for PBXNativeTarget "TrackerTests" */;
			buildPhases = (
				6CD37264020172780B022BAD /* [CP] Check Pods Manifest.lock */,
				AAE80FE42A213E5E00A35195 /* Sources */,
				AAE80FE52A213E5E00A35195 /* Frameworks */,
				AAE80FE62A213E5E00A35195 /* Resources */,
			);
			buildRules = (
			);
			dependencies = (
				AAE80FEA2A213E5E00A35195 /* PBXTargetDependency */,
			);
			name = TrackerTests;
			packageProductDependencies = (
				AAFDD7B92AD9BC8A00E66E31 /* InlineSnapshotTesting */,
				AAFDD7BB2AD9BC8A00E66E31 /* SnapshotTesting */,
			);
			productName = TrackerTests;
			productReference = AAE80FE82A213E5E00A35195 /* TrackerTests.xctest */;
			productType = "com.apple.product-type.bundle.unit-test";
		};
		AAE80FF12A213E5E00A35195 /* TrackerUITests */ = {
			isa = PBXNativeTarget;
			buildConfigurationList = AAE810022A213E5E00A35195 /* Build configuration list for PBXNativeTarget "TrackerUITests" */;
			buildPhases = (
				C2B9608035B7929872821448 /* [CP] Check Pods Manifest.lock */,
				AAE80FEE2A213E5E00A35195 /* Sources */,
				AAE80FEF2A213E5E00A35195 /* Frameworks */,
				AAE80FF02A213E5E00A35195 /* Resources */,
				6DBC156A190FB94B34106E8B /* [CP] Embed Pods Frameworks */,
			);
			buildRules = (
			);
			dependencies = (
				AAE80FF42A213E5E00A35195 /* PBXTargetDependency */,
			);
			name = TrackerUITests;
			productName = TrackerUITests;
			productReference = AAE80FF22A213E5E00A35195 /* TrackerUITests.xctest */;
			productType = "com.apple.product-type.bundle.ui-testing";
		};
/* End PBXNativeTarget section */

/* Begin PBXProject section */
		AAE80FCA2A213E5D00A35195 /* Project object */ = {
			isa = PBXProject;
			attributes = {
				BuildIndependentTargetsInParallel = 1;
				LastSwiftUpdateCheck = 1430;
				LastUpgradeCheck = 1430;
				TargetAttributes = {
					AAE80FD12A213E5D00A35195 = {
						CreatedOnToolsVersion = 14.3;
					};
					AAE80FE72A213E5E00A35195 = {
						CreatedOnToolsVersion = 14.3;
						TestTargetID = AAE80FD12A213E5D00A35195;
					};
					AAE80FF12A213E5E00A35195 = {
						CreatedOnToolsVersion = 14.3;
						TestTargetID = AAE80FD12A213E5D00A35195;
					};
				};
			};
			buildConfigurationList = AAE80FCD2A213E5D00A35195 /* Build configuration list for PBXProject "Tracker" */;
			compatibilityVersion = "Xcode 14.0";
			developmentRegion = en;
			hasScannedForEncodings = 0;
			knownRegions = (
				en,
				Base,
				ru,
				nl,
			);
			mainGroup = AAE80FC92A213E5D00A35195;
			packageReferences = (
				AAFDD7B82AD9BAD100E66E31 /* XCRemoteSwiftPackageReference "swift-snapshot-testing" */,
			);
			productRefGroup = AAE80FD32A213E5D00A35195 /* Products */;
			projectDirPath = "";
			projectRoot = "";
			targets = (
				AAE80FD12A213E5D00A35195 /* Tracker */,
				AAE80FE72A213E5E00A35195 /* TrackerTests */,
				AAE80FF12A213E5E00A35195 /* TrackerUITests */,
			);
		};
/* End PBXProject section */

/* Begin PBXResourcesBuildPhase section */
		AAE80FD02A213E5D00A35195 /* Resources */ = {
			isa = PBXResourcesBuildPhase;
			buildActionMask = 2147483647;
			files = (
				AAE80FDF2A213E5E00A35195 /* Assets.xcassets in Resources */,
				AAAD12F02ACC8FA7004CC6A5 /* Localizable.strings in Resources */,
				AAAD12FE2ACF3D55004CC6A5 /* Localizable.stringsdict in Resources */,
			);
			runOnlyForDeploymentPostprocessing = 0;
		};
		AAE80FE62A213E5E00A35195 /* Resources */ = {
			isa = PBXResourcesBuildPhase;
			buildActionMask = 2147483647;
			files = (
			);
			runOnlyForDeploymentPostprocessing = 0;
		};
		AAE80FF02A213E5E00A35195 /* Resources */ = {
			isa = PBXResourcesBuildPhase;
			buildActionMask = 2147483647;
			files = (
			);
			runOnlyForDeploymentPostprocessing = 0;
		};
/* End PBXResourcesBuildPhase section */

/* Begin PBXShellScriptBuildPhase section */
		245EB4714FDFAF184CDBC579 /* [CP] Check Pods Manifest.lock */ = {
			isa = PBXShellScriptBuildPhase;
			buildActionMask = 2147483647;
			files = (
			);
			inputFileListPaths = (
			);
			inputPaths = (
				"${PODS_PODFILE_DIR_PATH}/Podfile.lock",
				"${PODS_ROOT}/Manifest.lock",
			);
			name = "[CP] Check Pods Manifest.lock";
			outputFileListPaths = (
			);
			outputPaths = (
				"$(DERIVED_FILE_DIR)/Pods-Tracker-checkManifestLockResult.txt",
			);
			runOnlyForDeploymentPostprocessing = 0;
			shellPath = /bin/sh;
			shellScript = "diff \"${PODS_PODFILE_DIR_PATH}/Podfile.lock\" \"${PODS_ROOT}/Manifest.lock\" > /dev/null\nif [ $? != 0 ] ; then\n    # print error to STDERR\n    echo \"error: The sandbox is not in sync with the Podfile.lock. Run 'pod install' or update your CocoaPods installation.\" >&2\n    exit 1\nfi\n# This output is used by Xcode 'outputs' to avoid re-running this script phase.\necho \"SUCCESS\" > \"${SCRIPT_OUTPUT_FILE_0}\"\n";
			showEnvVarsInLog = 0;
		};
		6CD37264020172780B022BAD /* [CP] Check Pods Manifest.lock */ = {
			isa = PBXShellScriptBuildPhase;
			buildActionMask = 2147483647;
			files = (
			);
			inputFileListPaths = (
			);
			inputPaths = (
				"${PODS_PODFILE_DIR_PATH}/Podfile.lock",
				"${PODS_ROOT}/Manifest.lock",
			);
			name = "[CP] Check Pods Manifest.lock";
			outputFileListPaths = (
			);
			outputPaths = (
				"$(DERIVED_FILE_DIR)/Pods-TrackerTests-checkManifestLockResult.txt",
			);
			runOnlyForDeploymentPostprocessing = 0;
			shellPath = /bin/sh;
			shellScript = "diff \"${PODS_PODFILE_DIR_PATH}/Podfile.lock\" \"${PODS_ROOT}/Manifest.lock\" > /dev/null\nif [ $? != 0 ] ; then\n    # print error to STDERR\n    echo \"error: The sandbox is not in sync with the Podfile.lock. Run 'pod install' or update your CocoaPods installation.\" >&2\n    exit 1\nfi\n# This output is used by Xcode 'outputs' to avoid re-running this script phase.\necho \"SUCCESS\" > \"${SCRIPT_OUTPUT_FILE_0}\"\n";
			showEnvVarsInLog = 0;
		};
		6DBC156A190FB94B34106E8B /* [CP] Embed Pods Frameworks */ = {
			isa = PBXShellScriptBuildPhase;
			buildActionMask = 2147483647;
			files = (
			);
			inputFileListPaths = (
				"${PODS_ROOT}/Target Support Files/Pods-Tracker-TrackerUITests/Pods-Tracker-TrackerUITests-frameworks-${CONFIGURATION}-input-files.xcfilelist",
			);
			name = "[CP] Embed Pods Frameworks";
			outputFileListPaths = (
				"${PODS_ROOT}/Target Support Files/Pods-Tracker-TrackerUITests/Pods-Tracker-TrackerUITests-frameworks-${CONFIGURATION}-output-files.xcfilelist",
			);
			runOnlyForDeploymentPostprocessing = 0;
			shellPath = /bin/sh;
			shellScript = "\"${PODS_ROOT}/Target Support Files/Pods-Tracker-TrackerUITests/Pods-Tracker-TrackerUITests-frameworks.sh\"\n";
			showEnvVarsInLog = 0;
		};
		B55D375B2D77EB979D0B7A38 /* [CP] Embed Pods Frameworks */ = {
			isa = PBXShellScriptBuildPhase;
			buildActionMask = 2147483647;
			files = (
			);
			inputFileListPaths = (
				"${PODS_ROOT}/Target Support Files/Pods-Tracker/Pods-Tracker-frameworks-${CONFIGURATION}-input-files.xcfilelist",
			);
			name = "[CP] Embed Pods Frameworks";
			outputFileListPaths = (
				"${PODS_ROOT}/Target Support Files/Pods-Tracker/Pods-Tracker-frameworks-${CONFIGURATION}-output-files.xcfilelist",
			);
			runOnlyForDeploymentPostprocessing = 0;
			shellPath = /bin/sh;
			shellScript = "\"${PODS_ROOT}/Target Support Files/Pods-Tracker/Pods-Tracker-frameworks.sh\"\n";
			showEnvVarsInLog = 0;
		};
		C2B9608035B7929872821448 /* [CP] Check Pods Manifest.lock */ = {
			isa = PBXShellScriptBuildPhase;
			buildActionMask = 2147483647;
			files = (
			);
			inputFileListPaths = (
			);
			inputPaths = (
				"${PODS_PODFILE_DIR_PATH}/Podfile.lock",
				"${PODS_ROOT}/Manifest.lock",
			);
			name = "[CP] Check Pods Manifest.lock";
			outputFileListPaths = (
			);
			outputPaths = (
				"$(DERIVED_FILE_DIR)/Pods-Tracker-TrackerUITests-checkManifestLockResult.txt",
			);
			runOnlyForDeploymentPostprocessing = 0;
			shellPath = /bin/sh;
			shellScript = "diff \"${PODS_PODFILE_DIR_PATH}/Podfile.lock\" \"${PODS_ROOT}/Manifest.lock\" > /dev/null\nif [ $? != 0 ] ; then\n    # print error to STDERR\n    echo \"error: The sandbox is not in sync with the Podfile.lock. Run 'pod install' or update your CocoaPods installation.\" >&2\n    exit 1\nfi\n# This output is used by Xcode 'outputs' to avoid re-running this script phase.\necho \"SUCCESS\" > \"${SCRIPT_OUTPUT_FILE_0}\"\n";
			showEnvVarsInLog = 0;
		};
/* End PBXShellScriptBuildPhase section */

/* Begin PBXSourcesBuildPhase section */
		AAE80FCE2A213E5D00A35195 /* Sources */ = {
			isa = PBXSourcesBuildPhase;
			buildActionMask = 2147483647;
			files = (
				AAFDD7B22AD878C700E66E31 /* StatisticsStore.swift in Sources */,
				AAE810482A2DEC0400A35195 /* LaunchScreen.swift in Sources */,
				AA873EBC2A4CB3C7005DF9EE /* Extensions.swift in Sources */,
				AAAD12DC2A922D6A004CC6A5 /* TrackerCoreData.xcdatamodeld in Sources */,
				AAFDD7AB2AD876AD00E66E31 /* StatisticsViewController.swift in Sources */,
				AA873EC02A545A78005DF9EE /* IrregularEventViewController.swift in Sources */,
				AA9131DB2A37998B00CD0A32 /* TrackerModel.swift in Sources */,
				AAAD12E42A967FF1004CC6A5 /* TrackerRecordStore.swift in Sources */,
				AAAD12E62A9A6474004CC6A5 /* DataProvider.swift in Sources */,
				AAAD12D92A7FECB1004CC6A5 /* ColorCell.swift in Sources */,
				AA9131D92A36650900CD0A32 /* PaddingTextField.swift in Sources */,
				AA9131D52A36501700CD0A32 /* NewHabitViewController.swift in Sources */,
				AAE80FDA2A213E5D00A35195 /* TabViewController.swift in Sources */,
				AA873F012A606073005DF9EE /* EmojiCell.swift in Sources */,
				AAAD12EB2AB33976004CC6A5 /* OnbordingUIPageViewController.swift in Sources */,
				AAFDD7AE2AD876F700E66E31 /* StatisticsCell.swift in Sources */,
				AA9131CE2A324DFA00CD0A32 /* UIViewControllerExtension.swift in Sources */,
				AAAD12E92AB33922004CC6A5 /* OnbordingViewController.swift in Sources */,
				AA9131CA2A30AE3700CD0A32 /* SupplementaryView.swift in Sources */,
				AAE8104A2A2F438700A35195 /* TrackersViewController.swift in Sources */,
				AA9131D32A36431B00CD0A32 /* AddTrackerViewController.swift in Sources */,
				AAAD12E02A923AB4004CC6A5 /* TrackerStore.swift in Sources */,
				AA873F032A64436A005DF9EE /* SupplementaryTableView.swift in Sources */,
				AAAD12E22A967FE4004CC6A5 /* TrackerCategoryStore.swift in Sources */,
				AA9131E22A37B94600CD0A32 /* TimeTableViewController.swift in Sources */,
				AAAD12ED2AC71FAD004CC6A5 /* CategoriesViewModel.swift in Sources */,
				AAFDD7A92AD2D72F00E66E31 /* EditViewController.swift in Sources */,
				AAE80FD62A213E5D00A35195 /* AppDelegate.swift in Sources */,
				AA9131E02A37B18E00CD0A32 /* AddNewCategoryViewController.swift in Sources */,
				AA9131E42A3A49E900CD0A32 /* TrackersController.swift in Sources */,
				AAE8104C2A2F83EF00A35195 /* TrackerCell.swift in Sources */,
				AAFDD7B02AD8789600E66E31 /* Statistics.swift in Sources */,
				AAE80FD82A213E5D00A35195 /* SceneDelegate.swift in Sources */,
				AA9131DE2A37AC5100CD0A32 /* CategoriesViewController.swift in Sources */,
			);
			runOnlyForDeploymentPostprocessing = 0;
		};
		AAE80FE42A213E5E00A35195 /* Sources */ = {
			isa = PBXSourcesBuildPhase;
			buildActionMask = 2147483647;
			files = (
				AAE80FED2A213E5E00A35195 /* TrackerTests.swift in Sources */,
			);
			runOnlyForDeploymentPostprocessing = 0;
		};
		AAE80FEE2A213E5E00A35195 /* Sources */ = {
			isa = PBXSourcesBuildPhase;
			buildActionMask = 2147483647;
			files = (
				AAE80FF72A213E5E00A35195 /* TrackerUITests.swift in Sources */,
				AAE80FF92A213E5E00A35195 /* TrackerUITestsLaunchTests.swift in Sources */,
			);
			runOnlyForDeploymentPostprocessing = 0;
		};
/* End PBXSourcesBuildPhase section */

/* Begin PBXTargetDependency section */
		AAE80FEA2A213E5E00A35195 /* PBXTargetDependency */ = {
			isa = PBXTargetDependency;
			target = AAE80FD12A213E5D00A35195 /* Tracker */;
			targetProxy = AAE80FE92A213E5E00A35195 /* PBXContainerItemProxy */;
		};
		AAE80FF42A213E5E00A35195 /* PBXTargetDependency */ = {
			isa = PBXTargetDependency;
			target = AAE80FD12A213E5D00A35195 /* Tracker */;
			targetProxy = AAE80FF32A213E5E00A35195 /* PBXContainerItemProxy */;
		};
/* End PBXTargetDependency section */

/* Begin PBXVariantGroup section */
		AAAD12F22ACC8FA7004CC6A5 /* Localizable.strings */ = {
			isa = PBXVariantGroup;
			children = (
				AAAD12F12ACC8FA7004CC6A5 /* en */,
				AAAD12F32ACC8FAF004CC6A5 /* nl */,
				AAAD12F42ACC8FB0004CC6A5 /* ru */,
			);
			name = Localizable.strings;
			sourceTree = "<group>";
		};
		AAAD13002ACF3D55004CC6A5 /* Localizable.stringsdict */ = {
			isa = PBXVariantGroup;
			children = (
				AAAD12FF2ACF3D55004CC6A5 /* ru */,
				AAAD13022ACF3D84004CC6A5 /* en */,
			);
			name = Localizable.stringsdict;
			sourceTree = "<group>";
		};
/* End PBXVariantGroup section */

/* Begin XCBuildConfiguration section */
		AAE80FFA2A213E5E00A35195 /* Debug */ = {
			isa = XCBuildConfiguration;
			buildSettings = {
				ALWAYS_SEARCH_USER_PATHS = NO;
				CLANG_ANALYZER_NONNULL = YES;
				CLANG_ANALYZER_NUMBER_OBJECT_CONVERSION = YES_AGGRESSIVE;
				CLANG_CXX_LANGUAGE_STANDARD = "gnu++20";
				CLANG_ENABLE_MODULES = YES;
				CLANG_ENABLE_OBJC_ARC = YES;
				CLANG_ENABLE_OBJC_WEAK = YES;
				CLANG_WARN_BLOCK_CAPTURE_AUTORELEASING = YES;
				CLANG_WARN_BOOL_CONVERSION = YES;
				CLANG_WARN_COMMA = YES;
				CLANG_WARN_CONSTANT_CONVERSION = YES;
				CLANG_WARN_DEPRECATED_OBJC_IMPLEMENTATIONS = YES;
				CLANG_WARN_DIRECT_OBJC_ISA_USAGE = YES_ERROR;
				CLANG_WARN_DOCUMENTATION_COMMENTS = YES;
				CLANG_WARN_EMPTY_BODY = YES;
				CLANG_WARN_ENUM_CONVERSION = YES;
				CLANG_WARN_INFINITE_RECURSION = YES;
				CLANG_WARN_INT_CONVERSION = YES;
				CLANG_WARN_NON_LITERAL_NULL_CONVERSION = YES;
				CLANG_WARN_OBJC_IMPLICIT_RETAIN_SELF = YES;
				CLANG_WARN_OBJC_LITERAL_CONVERSION = YES;
				CLANG_WARN_OBJC_ROOT_CLASS = YES_ERROR;
				CLANG_WARN_QUOTED_INCLUDE_IN_FRAMEWORK_HEADER = YES;
				CLANG_WARN_RANGE_LOOP_ANALYSIS = YES;
				CLANG_WARN_STRICT_PROTOTYPES = YES;
				CLANG_WARN_SUSPICIOUS_MOVE = YES;
				CLANG_WARN_UNGUARDED_AVAILABILITY = YES_AGGRESSIVE;
				CLANG_WARN_UNREACHABLE_CODE = YES;
				CLANG_WARN__DUPLICATE_METHOD_MATCH = YES;
				COPY_PHASE_STRIP = NO;
				DEBUG_INFORMATION_FORMAT = dwarf;
				ENABLE_STRICT_OBJC_MSGSEND = YES;
				ENABLE_TESTABILITY = YES;
				GCC_C_LANGUAGE_STANDARD = gnu11;
				GCC_DYNAMIC_NO_PIC = NO;
				GCC_NO_COMMON_BLOCKS = YES;
				GCC_OPTIMIZATION_LEVEL = 0;
				GCC_PREPROCESSOR_DEFINITIONS = (
					"DEBUG=1",
					"$(inherited)",
				);
				GCC_WARN_64_TO_32_BIT_CONVERSION = YES;
				GCC_WARN_ABOUT_RETURN_TYPE = YES_ERROR;
				GCC_WARN_UNDECLARED_SELECTOR = YES;
				GCC_WARN_UNINITIALIZED_AUTOS = YES_AGGRESSIVE;
				GCC_WARN_UNUSED_FUNCTION = YES;
				GCC_WARN_UNUSED_VARIABLE = YES;
				IPHONEOS_DEPLOYMENT_TARGET = 16.4;
				MTL_ENABLE_DEBUG_INFO = INCLUDE_SOURCE;
				MTL_FAST_MATH = YES;
				ONLY_ACTIVE_ARCH = YES;
				SDKROOT = iphoneos;
				SWIFT_ACTIVE_COMPILATION_CONDITIONS = DEBUG;
				SWIFT_OPTIMIZATION_LEVEL = "-Onone";
			};
			name = Debug;
		};
		AAE80FFB2A213E5E00A35195 /* Release */ = {
			isa = XCBuildConfiguration;
			buildSettings = {
				ALWAYS_SEARCH_USER_PATHS = NO;
				CLANG_ANALYZER_NONNULL = YES;
				CLANG_ANALYZER_NUMBER_OBJECT_CONVERSION = YES_AGGRESSIVE;
				CLANG_CXX_LANGUAGE_STANDARD = "gnu++20";
				CLANG_ENABLE_MODULES = YES;
				CLANG_ENABLE_OBJC_ARC = YES;
				CLANG_ENABLE_OBJC_WEAK = YES;
				CLANG_WARN_BLOCK_CAPTURE_AUTORELEASING = YES;
				CLANG_WARN_BOOL_CONVERSION = YES;
				CLANG_WARN_COMMA = YES;
				CLANG_WARN_CONSTANT_CONVERSION = YES;
				CLANG_WARN_DEPRECATED_OBJC_IMPLEMENTATIONS = YES;
				CLANG_WARN_DIRECT_OBJC_ISA_USAGE = YES_ERROR;
				CLANG_WARN_DOCUMENTATION_COMMENTS = YES;
				CLANG_WARN_EMPTY_BODY = YES;
				CLANG_WARN_ENUM_CONVERSION = YES;
				CLANG_WARN_INFINITE_RECURSION = YES;
				CLANG_WARN_INT_CONVERSION = YES;
				CLANG_WARN_NON_LITERAL_NULL_CONVERSION = YES;
				CLANG_WARN_OBJC_IMPLICIT_RETAIN_SELF = YES;
				CLANG_WARN_OBJC_LITERAL_CONVERSION = YES;
				CLANG_WARN_OBJC_ROOT_CLASS = YES_ERROR;
				CLANG_WARN_QUOTED_INCLUDE_IN_FRAMEWORK_HEADER = YES;
				CLANG_WARN_RANGE_LOOP_ANALYSIS = YES;
				CLANG_WARN_STRICT_PROTOTYPES = YES;
				CLANG_WARN_SUSPICIOUS_MOVE = YES;
				CLANG_WARN_UNGUARDED_AVAILABILITY = YES_AGGRESSIVE;
				CLANG_WARN_UNREACHABLE_CODE = YES;
				CLANG_WARN__DUPLICATE_METHOD_MATCH = YES;
				COPY_PHASE_STRIP = NO;
				DEBUG_INFORMATION_FORMAT = "dwarf-with-dsym";
				ENABLE_NS_ASSERTIONS = NO;
				ENABLE_STRICT_OBJC_MSGSEND = YES;
				GCC_C_LANGUAGE_STANDARD = gnu11;
				GCC_NO_COMMON_BLOCKS = YES;
				GCC_WARN_64_TO_32_BIT_CONVERSION = YES;
				GCC_WARN_ABOUT_RETURN_TYPE = YES_ERROR;
				GCC_WARN_UNDECLARED_SELECTOR = YES;
				GCC_WARN_UNINITIALIZED_AUTOS = YES_AGGRESSIVE;
				GCC_WARN_UNUSED_FUNCTION = YES;
				GCC_WARN_UNUSED_VARIABLE = YES;
				IPHONEOS_DEPLOYMENT_TARGET = 16.4;
				MTL_ENABLE_DEBUG_INFO = NO;
				MTL_FAST_MATH = YES;
				SDKROOT = iphoneos;
				SWIFT_COMPILATION_MODE = wholemodule;
				SWIFT_OPTIMIZATION_LEVEL = "-O";
				VALIDATE_PRODUCT = YES;
			};
			name = Release;
		};
		AAE80FFD2A213E5E00A35195 /* Debug */ = {
			isa = XCBuildConfiguration;
			baseConfigurationReference = 13A63221877CADCAE7C1965F /* Pods-Tracker.debug.xcconfig */;
			buildSettings = {
				ASSETCATALOG_COMPILER_APPICON_NAME = AppIcon;
				ASSETCATALOG_COMPILER_GLOBAL_ACCENT_COLOR_NAME = AccentColor;
				CODE_SIGN_STYLE = Automatic;
				CURRENT_PROJECT_VERSION = 1;
				DEVELOPMENT_TEAM = B93B8LC9Q2;
				GENERATE_INFOPLIST_FILE = YES;
				INFOPLIST_FILE = Tracker/Info.plist;
				INFOPLIST_KEY_UIApplicationSupportsIndirectInputEvents = YES;
				INFOPLIST_KEY_UILaunchStoryboardName = LaunchScreen;
				INFOPLIST_KEY_UIStatusBarStyle = "";
				INFOPLIST_KEY_UISupportedInterfaceOrientations_iPad = "UIInterfaceOrientationPortrait UIInterfaceOrientationPortraitUpsideDown UIInterfaceOrientationLandscapeLeft UIInterfaceOrientationLandscapeRight";
				INFOPLIST_KEY_UISupportedInterfaceOrientations_iPhone = "UIInterfaceOrientationPortrait UIInterfaceOrientationLandscapeLeft UIInterfaceOrientationLandscapeRight";
				IPHONEOS_DEPLOYMENT_TARGET = 13.4;
				LD_RUNPATH_SEARCH_PATHS = (
					"$(inherited)",
					"@executable_path/Frameworks",
				);
				MARKETING_VERSION = 1.0;
				PRODUCT_BUNDLE_IDENTIFIER = com.toxiccompany.Tracker;
				PRODUCT_NAME = "$(TARGET_NAME)";
				SWIFT_EMIT_LOC_STRINGS = YES;
				SWIFT_VERSION = 5.0;
				TARGETED_DEVICE_FAMILY = "1,2";
			};
			name = Debug;
		};
		AAE80FFE2A213E5E00A35195 /* Release */ = {
			isa = XCBuildConfiguration;
			baseConfigurationReference = 1F757D3A8D6C5ADB9EDE6E52 /* Pods-Tracker.release.xcconfig */;
			buildSettings = {
				ASSETCATALOG_COMPILER_APPICON_NAME = AppIcon;
				ASSETCATALOG_COMPILER_GLOBAL_ACCENT_COLOR_NAME = AccentColor;
				CODE_SIGN_STYLE = Automatic;
				CURRENT_PROJECT_VERSION = 1;
				DEVELOPMENT_TEAM = B93B8LC9Q2;
				GENERATE_INFOPLIST_FILE = YES;
				INFOPLIST_FILE = Tracker/Info.plist;
				INFOPLIST_KEY_UIApplicationSupportsIndirectInputEvents = YES;
				INFOPLIST_KEY_UILaunchStoryboardName = LaunchScreen;
				INFOPLIST_KEY_UIStatusBarStyle = "";
				INFOPLIST_KEY_UISupportedInterfaceOrientations_iPad = "UIInterfaceOrientationPortrait UIInterfaceOrientationPortraitUpsideDown UIInterfaceOrientationLandscapeLeft UIInterfaceOrientationLandscapeRight";
				INFOPLIST_KEY_UISupportedInterfaceOrientations_iPhone = "UIInterfaceOrientationPortrait UIInterfaceOrientationLandscapeLeft UIInterfaceOrientationLandscapeRight";
				IPHONEOS_DEPLOYMENT_TARGET = 13.4;
				LD_RUNPATH_SEARCH_PATHS = (
					"$(inherited)",
					"@executable_path/Frameworks",
				);
				MARKETING_VERSION = 1.0;
				PRODUCT_BUNDLE_IDENTIFIER = com.toxiccompany.Tracker;
				PRODUCT_NAME = "$(TARGET_NAME)";
				SWIFT_EMIT_LOC_STRINGS = YES;
				SWIFT_VERSION = 5.0;
				TARGETED_DEVICE_FAMILY = "1,2";
			};
			name = Release;
		};
		AAE810002A213E5E00A35195 /* Debug */ = {
			isa = XCBuildConfiguration;
			baseConfigurationReference = 6255AD48A8BE257717B6D3F4 /* Pods-TrackerTests.debug.xcconfig */;
			buildSettings = {
				ALWAYS_EMBED_SWIFT_STANDARD_LIBRARIES = YES;
				BUNDLE_LOADER = "$(TEST_HOST)";
				CODE_SIGN_STYLE = Automatic;
				CURRENT_PROJECT_VERSION = 1;
				DEVELOPMENT_TEAM = B93B8LC9Q2;
				GENERATE_INFOPLIST_FILE = YES;
				IPHONEOS_DEPLOYMENT_TARGET = 16.4;
				MARKETING_VERSION = 1.0;
				PRODUCT_BUNDLE_IDENTIFIER = com.toxiccompany.TrackerTests;
				PRODUCT_NAME = "$(TARGET_NAME)";
				SWIFT_EMIT_LOC_STRINGS = NO;
				SWIFT_VERSION = 5.0;
				TARGETED_DEVICE_FAMILY = "1,2";
				TEST_HOST = "$(BUILT_PRODUCTS_DIR)/Tracker.app/$(BUNDLE_EXECUTABLE_FOLDER_PATH)/Tracker";
			};
			name = Debug;
		};
		AAE810012A213E5E00A35195 /* Release */ = {
			isa = XCBuildConfiguration;
			baseConfigurationReference = 54AA695638587669C25C7658 /* Pods-TrackerTests.release.xcconfig */;
			buildSettings = {
				ALWAYS_EMBED_SWIFT_STANDARD_LIBRARIES = YES;
				BUNDLE_LOADER = "$(TEST_HOST)";
				CODE_SIGN_STYLE = Automatic;
				CURRENT_PROJECT_VERSION = 1;
				DEVELOPMENT_TEAM = B93B8LC9Q2;
				GENERATE_INFOPLIST_FILE = YES;
				IPHONEOS_DEPLOYMENT_TARGET = 16.4;
				MARKETING_VERSION = 1.0;
				PRODUCT_BUNDLE_IDENTIFIER = com.toxiccompany.TrackerTests;
				PRODUCT_NAME = "$(TARGET_NAME)";
				SWIFT_EMIT_LOC_STRINGS = NO;
				SWIFT_VERSION = 5.0;
				TARGETED_DEVICE_FAMILY = "1,2";
				TEST_HOST = "$(BUILT_PRODUCTS_DIR)/Tracker.app/$(BUNDLE_EXECUTABLE_FOLDER_PATH)/Tracker";
			};
			name = Release;
		};
		AAE810032A213E5E00A35195 /* Debug */ = {
			isa = XCBuildConfiguration;
			baseConfigurationReference = 708EB7A7E8F25613780344C8 /* Pods-Tracker-TrackerUITests.debug.xcconfig */;
			buildSettings = {
				ALWAYS_EMBED_SWIFT_STANDARD_LIBRARIES = YES;
				CODE_SIGN_STYLE = Automatic;
				CURRENT_PROJECT_VERSION = 1;
				DEVELOPMENT_TEAM = B93B8LC9Q2;
				GENERATE_INFOPLIST_FILE = YES;
				MARKETING_VERSION = 1.0;
				PRODUCT_BUNDLE_IDENTIFIER = com.toxiccompany.TrackerUITests;
				PRODUCT_NAME = "$(TARGET_NAME)";
				SWIFT_EMIT_LOC_STRINGS = NO;
				SWIFT_VERSION = 5.0;
				TARGETED_DEVICE_FAMILY = "1,2";
				TEST_TARGET_NAME = Tracker;
			};
			name = Debug;
		};
		AAE810042A213E5E00A35195 /* Release */ = {
			isa = XCBuildConfiguration;
			baseConfigurationReference = AA8979F35F6009F90922F79B /* Pods-Tracker-TrackerUITests.release.xcconfig */;
			buildSettings = {
				ALWAYS_EMBED_SWIFT_STANDARD_LIBRARIES = YES;
				CODE_SIGN_STYLE = Automatic;
				CURRENT_PROJECT_VERSION = 1;
				DEVELOPMENT_TEAM = B93B8LC9Q2;
				GENERATE_INFOPLIST_FILE = YES;
				MARKETING_VERSION = 1.0;
				PRODUCT_BUNDLE_IDENTIFIER = com.toxiccompany.TrackerUITests;
				PRODUCT_NAME = "$(TARGET_NAME)";
				SWIFT_EMIT_LOC_STRINGS = NO;
				SWIFT_VERSION = 5.0;
				TARGETED_DEVICE_FAMILY = "1,2";
				TEST_TARGET_NAME = Tracker;
			};
			name = Release;
		};
/* End XCBuildConfiguration section */

/* Begin XCConfigurationList section */
		AAE80FCD2A213E5D00A35195 /* Build configuration list for PBXProject "Tracker" */ = {
			isa = XCConfigurationList;
			buildConfigurations = (
				AAE80FFA2A213E5E00A35195 /* Debug */,
				AAE80FFB2A213E5E00A35195 /* Release */,
			);
			defaultConfigurationIsVisible = 0;
			defaultConfigurationName = Release;
		};
		AAE80FFC2A213E5E00A35195 /* Build configuration list for PBXNativeTarget "Tracker" */ = {
			isa = XCConfigurationList;
			buildConfigurations = (
				AAE80FFD2A213E5E00A35195 /* Debug */,
				AAE80FFE2A213E5E00A35195 /* Release */,
			);
			defaultConfigurationIsVisible = 0;
			defaultConfigurationName = Release;
		};
		AAE80FFF2A213E5E00A35195 /* Build configuration list for PBXNativeTarget "TrackerTests" */ = {
			isa = XCConfigurationList;
			buildConfigurations = (
				AAE810002A213E5E00A35195 /* Debug */,
				AAE810012A213E5E00A35195 /* Release */,
			);
			defaultConfigurationIsVisible = 0;
			defaultConfigurationName = Release;
		};
		AAE810022A213E5E00A35195 /* Build configuration list for PBXNativeTarget "TrackerUITests" */ = {
			isa = XCConfigurationList;
			buildConfigurations = (
				AAE810032A213E5E00A35195 /* Debug */,
				AAE810042A213E5E00A35195 /* Release */,
			);
			defaultConfigurationIsVisible = 0;
			defaultConfigurationName = Release;
		};
/* End XCConfigurationList section */

/* Begin XCRemoteSwiftPackageReference section */
		AAFDD7B82AD9BAD100E66E31 /* XCRemoteSwiftPackageReference "swift-snapshot-testing" */ = {
			isa = XCRemoteSwiftPackageReference;
			repositoryURL = "https://github.com/pointfreeco/swift-snapshot-testing";
			requirement = {
				kind = upToNextMajorVersion;
				minimumVersion = 1.0.0;
			};
		};
/* End XCRemoteSwiftPackageReference section */

/* Begin XCSwiftPackageProductDependency section */
		AAFDD7B92AD9BC8A00E66E31 /* InlineSnapshotTesting */ = {
			isa = XCSwiftPackageProductDependency;
			package = AAFDD7B82AD9BAD100E66E31 /* XCRemoteSwiftPackageReference "swift-snapshot-testing" */;
			productName = InlineSnapshotTesting;
		};
		AAFDD7BB2AD9BC8A00E66E31 /* SnapshotTesting */ = {
			isa = XCSwiftPackageProductDependency;
			package = AAFDD7B82AD9BAD100E66E31 /* XCRemoteSwiftPackageReference "swift-snapshot-testing" */;
			productName = SnapshotTesting;
		};
/* End XCSwiftPackageProductDependency section */

/* Begin XCVersionGroup section */
		AAAD12DA2A922D6A004CC6A5 /* TrackerCoreData.xcdatamodeld */ = {
			isa = XCVersionGroup;
			children = (
				AAAD12DB2A922D6A004CC6A5 /* TrackerCoreData.xcdatamodel */,
			);
			currentVersion = AAAD12DB2A922D6A004CC6A5 /* TrackerCoreData.xcdatamodel */;
			path = TrackerCoreData.xcdatamodeld;
			sourceTree = "<group>";
			versionGroupType = wrapper.xcdatamodel;
		};
/* End XCVersionGroup section */
	};
	rootObject = AAE80FCA2A213E5D00A35195 /* Project object */;
}
