// !$*UTF8*$!
{
	archiveVersion = 1;
	classes = {
	};
	objectVersion = 56;
	objects = {

/* Begin PBXBuildFile section */
		AA9131CA2A30AE3700CD0A32 /* SupplementaryView.swift in Sources */ = {isa = PBXBuildFile; fileRef = AA9131C92A30AE3700CD0A32 /* SupplementaryView.swift */; };
		AA9131CC2A322BA900CD0A32 /* StatisticViewController.swift in Sources */ = {isa = PBXBuildFile; fileRef = AA9131CB2A322BA900CD0A32 /* StatisticViewController.swift */; };
		AA9131CE2A324DFA00CD0A32 /* UIViewControllerExtension.swift in Sources */ = {isa = PBXBuildFile; fileRef = AA9131CD2A324DFA00CD0A32 /* UIViewControllerExtension.swift */; };
		AAE80FD62A213E5D00A35195 /* AppDelegate.swift in Sources */ = {isa = PBXBuildFile; fileRef = AAE80FD52A213E5D00A35195 /* AppDelegate.swift */; };
		AAE80FD82A213E5D00A35195 /* SceneDelegate.swift in Sources */ = {isa = PBXBuildFile; fileRef = AAE80FD72A213E5D00A35195 /* SceneDelegate.swift */; };
		AAE80FDA2A213E5D00A35195 /* TabViewController.swift in Sources */ = {isa = PBXBuildFile; fileRef = AAE80FD92A213E5D00A35195 /* TabViewController.swift */; };
		AAE80FDF2A213E5E00A35195 /* Assets.xcassets in Resources */ = {isa = PBXBuildFile; fileRef = AAE80FDE2A213E5E00A35195 /* Assets.xcassets */; };
		AAE80FED2A213E5E00A35195 /* TrackerTests.swift in Sources */ = {isa = PBXBuildFile; fileRef = AAE80FEC2A213E5E00A35195 /* TrackerTests.swift */; };
		AAE80FF72A213E5E00A35195 /* TrackerUITests.swift in Sources */ = {isa = PBXBuildFile; fileRef = AAE80FF62A213E5E00A35195 /* TrackerUITests.swift */; };
		AAE80FF92A213E5E00A35195 /* TrackerUITestsLaunchTests.swift in Sources */ = {isa = PBXBuildFile; fileRef = AAE80FF82A213E5E00A35195 /* TrackerUITestsLaunchTests.swift */; };
		AAE810482A2DEC0400A35195 /* LaunchScreen.swift in Sources */ = {isa = PBXBuildFile; fileRef = AAE810472A2DEC0400A35195 /* LaunchScreen.swift */; };
		AAE8104A2A2F438700A35195 /* TrackersViewController.swift in Sources */ = {isa = PBXBuildFile; fileRef = AAE810492A2F438700A35195 /* TrackersViewController.swift */; };
		AAE8104C2A2F83EF00A35195 /* TrackerCell.swift in Sources */ = {isa = PBXBuildFile; fileRef = AAE8104B2A2F83EF00A35195 /* TrackerCell.swift */; };
/* End PBXBuildFile section */

/* Begin PBXContainerItemProxy section */
		AAE80FE92A213E5E00A35195 /* PBXContainerItemProxy */ = {
			isa = PBXContainerItemProxy;
			containerPortal = AAE80FCA2A213E5D00A35195 /* Project object */;
			proxyType = 1;
			remoteGlobalIDString = AAE80FD12A213E5D00A35195;
			remoteInfo = Tracker;
		};
		AAE80FF32A213E5E00A35195 /* PBXContainerItemProxy */ = {
			isa = PBXContainerItemProxy;
			containerPortal = AAE80FCA2A213E5D00A35195 /* Project object */;
			proxyType = 1;
			remoteGlobalIDString = AAE80FD12A213E5D00A35195;
			remoteInfo = Tracker;
		};
/* End PBXContainerItemProxy section */

/* Begin PBXFileReference section */
		AA9131C92A30AE3700CD0A32 /* SupplementaryView.swift */ = {isa = PBXFileReference; lastKnownFileType = sourcecode.swift; path = SupplementaryView.swift; sourceTree = "<group>"; };
		AA9131CB2A322BA900CD0A32 /* StatisticViewController.swift */ = {isa = PBXFileReference; lastKnownFileType = sourcecode.swift; path = StatisticViewController.swift; sourceTree = "<group>"; };
		AA9131CD2A324DFA00CD0A32 /* UIViewControllerExtension.swift */ = {isa = PBXFileReference; lastKnownFileType = sourcecode.swift; path = UIViewControllerExtension.swift; sourceTree = "<group>"; };
		AAE80FD22A213E5D00A35195 /* Tracker.app */ = {isa = PBXFileReference; explicitFileType = wrapper.application; includeInIndex = 0; path = Tracker.app; sourceTree = BUILT_PRODUCTS_DIR; };
		AAE80FD52A213E5D00A35195 /* AppDelegate.swift */ = {isa = PBXFileReference; lastKnownFileType = sourcecode.swift; path = AppDelegate.swift; sourceTree = "<group>"; };
		AAE80FD72A213E5D00A35195 /* SceneDelegate.swift */ = {isa = PBXFileReference; lastKnownFileType = sourcecode.swift; path = SceneDelegate.swift; sourceTree = "<group>"; };
		AAE80FD92A213E5D00A35195 /* TabViewController.swift */ = {isa = PBXFileReference; lastKnownFileType = sourcecode.swift; path = TabViewController.swift; sourceTree = "<group>"; };
		AAE80FDE2A213E5E00A35195 /* Assets.xcassets */ = {isa = PBXFileReference; lastKnownFileType = folder.assetcatalog; path = Assets.xcassets; sourceTree = "<group>"; };
		AAE80FE32A213E5E00A35195 /* Info.plist */ = {isa = PBXFileReference; lastKnownFileType = text.plist.xml; path = Info.plist; sourceTree = "<group>"; };
		AAE80FE82A213E5E00A35195 /* TrackerTests.xctest */ = {isa = PBXFileReference; explicitFileType = wrapper.cfbundle; includeInIndex = 0; path = TrackerTests.xctest; sourceTree = BUILT_PRODUCTS_DIR; };
		AAE80FEC2A213E5E00A35195 /* TrackerTests.swift */ = {isa = PBXFileReference; lastKnownFileType = sourcecode.swift; path = TrackerTests.swift; sourceTree = "<group>"; };
		AAE80FF22A213E5E00A35195 /* TrackerUITests.xctest */ = {isa = PBXFileReference; explicitFileType = wrapper.cfbundle; includeInIndex = 0; path = TrackerUITests.xctest; sourceTree = BUILT_PRODUCTS_DIR; };
		AAE80FF62A213E5E00A35195 /* TrackerUITests.swift */ = {isa = PBXFileReference; lastKnownFileType = sourcecode.swift; path = TrackerUITests.swift; sourceTree = "<group>"; };
		AAE80FF82A213E5E00A35195 /* TrackerUITestsLaunchTests.swift */ = {isa = PBXFileReference; lastKnownFileType = sourcecode.swift; path = TrackerUITestsLaunchTests.swift; sourceTree = "<group>"; };
		AAE810472A2DEC0400A35195 /* LaunchScreen.swift */ = {isa = PBXFileReference; lastKnownFileType = sourcecode.swift; path = LaunchScreen.swift; sourceTree = "<group>"; };
		AAE810492A2F438700A35195 /* TrackersViewController.swift */ = {isa = PBXFileReference; lastKnownFileType = sourcecode.swift; path = TrackersViewController.swift; sourceTree = "<group>"; };
		AAE8104B2A2F83EF00A35195 /* TrackerCell.swift */ = {isa = PBXFileReference; lastKnownFileType = sourcecode.swift; path = TrackerCell.swift; sourceTree = "<group>"; };
/* End PBXFileReference section */

/* Begin PBXFrameworksBuildPhase section */
		AAE80FCF2A213E5D00A35195 /* Frameworks */ = {
			isa = PBXFrameworksBuildPhase;
			buildActionMask = 2147483647;
			files = (
			);
			runOnlyForDeploymentPostprocessing = 0;
		};
		AAE80FE52A213E5E00A35195 /* Frameworks */ = {
			isa = PBXFrameworksBuildPhase;
			buildActionMask = 2147483647;
			files = (
			);
			runOnlyForDeploymentPostprocessing = 0;
		};
		AAE80FEF2A213E5E00A35195 /* Frameworks */ = {
			isa = PBXFrameworksBuildPhase;
			buildActionMask = 2147483647;
			files = (
			);
			runOnlyForDeploymentPostprocessing = 0;
		};
/* End PBXFrameworksBuildPhase section */

/* Begin PBXGroup section */
		AAE80FC92A213E5D00A35195 = {
			isa = PBXGroup;
			children = (
				AAE80FD42A213E5D00A35195 /* Tracker */,
				AAE80FEB2A213E5E00A35195 /* TrackerTests */,
				AAE80FF52A213E5E00A35195 /* TrackerUITests */,
				AAE80FD32A213E5D00A35195 /* Products */,
			);
			sourceTree = "<group>";
		};
		AAE80FD32A213E5D00A35195 /* Products */ = {
			isa = PBXGroup;
			children = (
				AAE80FD22A213E5D00A35195 /* Tracker.app */,
				AAE80FE82A213E5E00A35195 /* TrackerTests.xctest */,
				AAE80FF22A213E5E00A35195 /* TrackerUITests.xctest */,
			);
			name = Products;
			sourceTree = "<group>";
		};
		AAE80FD42A213E5D00A35195 /* Tracker */ = {
			isa = PBXGroup;
			children = (
				AAE80FD52A213E5D00A35195 /* AppDelegate.swift */,
				AAE80FD72A213E5D00A35195 /* SceneDelegate.swift */,
				AAE80FD92A213E5D00A35195 /* TabViewController.swift */,
				AAE810472A2DEC0400A35195 /* LaunchScreen.swift */,
				AAE810492A2F438700A35195 /* TrackersViewController.swift */,
				AAE8104B2A2F83EF00A35195 /* TrackerCell.swift */,
				AA9131C92A30AE3700CD0A32 /* SupplementaryView.swift */,
				AAE80FDE2A213E5E00A35195 /* Assets.xcassets */,
				AAE80FE32A213E5E00A35195 /* Info.plist */,
				AA9131CB2A322BA900CD0A32 /* StatisticViewController.swift */,
				AA9131CD2A324DFA00CD0A32 /* UIViewControllerExtension.swift */,
			);
			path = Tracker;
			sourceTree = "<group>";
		};
		AAE80FEB2A213E5E00A35195 /* TrackerTests */ = {
			isa = PBXGroup;
			children = (
				AAE80FEC2A213E5E00A35195 /* TrackerTests.swift */,
			);
			path = TrackerTests;
			sourceTree = "<group>";
		};
		AAE80FF52A213E5E00A35195 /* TrackerUITests */ = {
			isa = PBXGroup;
			children = (
				AAE80FF62A213E5E00A35195 /* TrackerUITests.swift */,
				AAE80FF82A213E5E00A35195 /* TrackerUITestsLaunchTests.swift */,
			);
			path = TrackerUITests;
			sourceTree = "<group>";
		};
/* End PBXGroup section */

/* Begin PBXNativeTarget section */
		AAE80FD12A213E5D00A35195 /* Tracker */ = {
			isa = PBXNativeTarget;
			buildConfigurationList = AAE80FFC2A213E5E00A35195 /* Build configuration list for PBXNativeTarget "Tracker" */;
			buildPhases = (
				AAE80FCE2A213E5D00A35195 /* Sources */,
				AAE80FCF2A213E5D00A35195 /* Frameworks */,
				AAE80FD02A213E5D00A35195 /* Resources */,
			);
			buildRules = (
			);
			dependencies = (
			);
			name = Tracker;
			productName = Tracker;
			productReference = AAE80FD22A213E5D00A35195 /* Tracker.app */;
			productType = "com.apple.product-type.application";
		};
		AAE80FE72A213E5E00A35195 /* TrackerTests */ = {
			isa = PBXNativeTarget;
			buildConfigurationList = AAE80FFF2A213E5E00A35195 /* Build configuration list for PBXNativeTarget "TrackerTests" */;
			buildPhases = (
				AAE80FE42A213E5E00A35195 /* Sources */,
				AAE80FE52A213E5E00A35195 /* Frameworks */,
				AAE80FE62A213E5E00A35195 /* Resources */,
			);
			buildRules = (
			);
			dependencies = (
				AAE80FEA2A213E5E00A35195 /* PBXTargetDependency */,
			);
			name = TrackerTests;
			productName = TrackerTests;
			productReference = AAE80FE82A213E5E00A35195 /* TrackerTests.xctest */;
			productType = "com.apple.product-type.bundle.unit-test";
		};
		AAE80FF12A213E5E00A35195 /* TrackerUITests */ = {
			isa = PBXNativeTarget;
			buildConfigurationList = AAE810022A213E5E00A35195 /* Build configuration list for PBXNativeTarget "TrackerUITests" */;
			buildPhases = (
				AAE80FEE2A213E5E00A35195 /* Sources */,
				AAE80FEF2A213E5E00A35195 /* Frameworks */,
				AAE80FF02A213E5E00A35195 /* Resources */,
			);
			buildRules = (
			);
			dependencies = (
				AAE80FF42A213E5E00A35195 /* PBXTargetDependency */,
			);
			name = TrackerUITests;
			productName = TrackerUITests;
			productReference = AAE80FF22A213E5E00A35195 /* TrackerUITests.xctest */;
			productType = "com.apple.product-type.bundle.ui-testing";
		};
/* End PBXNativeTarget section */

/* Begin PBXProject section */
		AAE80FCA2A213E5D00A35195 /* Project object */ = {
			isa = PBXProject;
			attributes = {
				BuildIndependentTargetsInParallel = 1;
				LastSwiftUpdateCheck = 1430;
				LastUpgradeCheck = 1430;
				TargetAttributes = {
					AAE80FD12A213E5D00A35195 = {
						CreatedOnToolsVersion = 14.3;
					};
					AAE80FE72A213E5E00A35195 = {
						CreatedOnToolsVersion = 14.3;
						TestTargetID = AAE80FD12A213E5D00A35195;
					};
					AAE80FF12A213E5E00A35195 = {
						CreatedOnToolsVersion = 14.3;
						TestTargetID = AAE80FD12A213E5D00A35195;
					};
				};
			};
			buildConfigurationList = AAE80FCD2A213E5D00A35195 /* Build configuration list for PBXProject "Tracker" */;
			compatibilityVersion = "Xcode 14.0";
			developmentRegion = en;
			hasScannedForEncodings = 0;
			knownRegions = (
				en,
				Base,
			);
			mainGroup = AAE80FC92A213E5D00A35195;
			productRefGroup = AAE80FD32A213E5D00A35195 /* Products */;
			projectDirPath = "";
			projectRoot = "";
			targets = (
				AAE80FD12A213E5D00A35195 /* Tracker */,
				AAE80FE72A213E5E00A35195 /* TrackerTests */,
				AAE80FF12A213E5E00A35195 /* TrackerUITests */,
			);
		};
/* End PBXProject section */

/* Begin PBXResourcesBuildPhase section */
		AAE80FD02A213E5D00A35195 /* Resources */ = {
			isa = PBXResourcesBuildPhase;
			buildActionMask = 2147483647;
			files = (
				AAE80FDF2A213E5E00A35195 /* Assets.xcassets in Resources */,
			);
			runOnlyForDeploymentPostprocessing = 0;
		};
		AAE80FE62A213E5E00A35195 /* Resources */ = {
			isa = PBXResourcesBuildPhase;
			buildActionMask = 2147483647;
			files = (
			);
			runOnlyForDeploymentPostprocessing = 0;
		};
		AAE80FF02A213E5E00A35195 /* Resources */ = {
			isa = PBXResourcesBuildPhase;
			buildActionMask = 2147483647;
			files = (
			);
			runOnlyForDeploymentPostprocessing = 0;
		};
/* End PBXResourcesBuildPhase section */

/* Begin PBXSourcesBuildPhase section */
		AAE80FCE2A213E5D00A35195 /* Sources */ = {
			isa = PBXSourcesBuildPhase;
			buildActionMask = 2147483647;
			files = (
				AAE810482A2DEC0400A35195 /* LaunchScreen.swift in Sources */,
				AAE80FDA2A213E5D00A35195 /* TabViewController.swift in Sources */,
				AA9131CE2A324DFA00CD0A32 /* UIViewControllerExtension.swift in Sources */,
				AA9131CA2A30AE3700CD0A32 /* SupplementaryView.swift in Sources */,
				AAE8104A2A2F438700A35195 /* TrackersViewController.swift in Sources */,
				AAE80FD62A213E5D00A35195 /* AppDelegate.swift in Sources */,
				AAE8104C2A2F83EF00A35195 /* TrackerCell.swift in Sources */,
				AAE80FD82A213E5D00A35195 /* SceneDelegate.swift in Sources */,
				AA9131CC2A322BA900CD0A32 /* StatisticViewController.swift in Sources */,
			);
			runOnlyForDeploymentPostprocessing = 0;
		};
		AAE80FE42A213E5E00A35195 /* Sources */ = {
			isa = PBXSourcesBuildPhase;
			buildActionMask = 2147483647;
			files = (
				AAE80FED2A213E5E00A35195 /* TrackerTests.swift in Sources */,
			);
			runOnlyForDeploymentPostprocessing = 0;
		};
		AAE80FEE2A213E5E00A35195 /* Sources */ = {
			isa = PBXSourcesBuildPhase;
			buildActionMask = 2147483647;
			files = (
				AAE80FF72A213E5E00A35195 /* TrackerUITests.swift in Sources */,
				AAE80FF92A213E5E00A35195 /* TrackerUITestsLaunchTests.swift in Sources */,
			);
			runOnlyForDeploymentPostprocessing = 0;
		};
/* End PBXSourcesBuildPhase section */

/* Begin PBXTargetDependency section */
		AAE80FEA2A213E5E00A35195 /* PBXTargetDependency */ = {
			isa = PBXTargetDependency;
			target = AAE80FD12A213E5D00A35195 /* Tracker */;
			targetProxy = AAE80FE92A213E5E00A35195 /* PBXContainerItemProxy */;
		};
		AAE80FF42A213E5E00A35195 /* PBXTargetDependency */ = {
			isa = PBXTargetDependency;
			target = AAE80FD12A213E5D00A35195 /* Tracker */;
			targetProxy = AAE80FF32A213E5E00A35195 /* PBXContainerItemProxy */;
		};
/* End PBXTargetDependency section */

/* Begin XCBuildConfiguration section */
		AAE80FFA2A213E5E00A35195 /* Debug */ = {
			isa = XCBuildConfiguration;
			buildSettings = {
				ALWAYS_SEARCH_USER_PATHS = NO;
				CLANG_ANALYZER_NONNULL = YES;
				CLANG_ANALYZER_NUMBER_OBJECT_CONVERSION = YES_AGGRESSIVE;
				CLANG_CXX_LANGUAGE_STANDARD = "gnu++20";
				CLANG_ENABLE_MODULES = YES;
				CLANG_ENABLE_OBJC_ARC = YES;
				CLANG_ENABLE_OBJC_WEAK = YES;
				CLANG_WARN_BLOCK_CAPTURE_AUTORELEASING = YES;
				CLANG_WARN_BOOL_CONVERSION = YES;
				CLANG_WARN_COMMA = YES;
				CLANG_WARN_CONSTANT_CONVERSION = YES;
				CLANG_WARN_DEPRECATED_OBJC_IMPLEMENTATIONS = YES;
				CLANG_WARN_DIRECT_OBJC_ISA_USAGE = YES_ERROR;
				CLANG_WARN_DOCUMENTATION_COMMENTS = YES;
				CLANG_WARN_EMPTY_BODY = YES;
				CLANG_WARN_ENUM_CONVERSION = YES;
				CLANG_WARN_INFINITE_RECURSION = YES;
				CLANG_WARN_INT_CONVERSION = YES;
				CLANG_WARN_NON_LITERAL_NULL_CONVERSION = YES;
				CLANG_WARN_OBJC_IMPLICIT_RETAIN_SELF = YES;
				CLANG_WARN_OBJC_LITERAL_CONVERSION = YES;
				CLANG_WARN_OBJC_ROOT_CLASS = YES_ERROR;
				CLANG_WARN_QUOTED_INCLUDE_IN_FRAMEWORK_HEADER = YES;
				CLANG_WARN_RANGE_LOOP_ANALYSIS = YES;
				CLANG_WARN_STRICT_PROTOTYPES = YES;
				CLANG_WARN_SUSPICIOUS_MOVE = YES;
				CLANG_WARN_UNGUARDED_AVAILABILITY = YES_AGGRESSIVE;
				CLANG_WARN_UNREACHABLE_CODE = YES;
				CLANG_WARN__DUPLICATE_METHOD_MATCH = YES;
				COPY_PHASE_STRIP = NO;
				DEBUG_INFORMATION_FORMAT = dwarf;
				ENABLE_STRICT_OBJC_MSGSEND = YES;
				ENABLE_TESTABILITY = YES;
				GCC_C_LANGUAGE_STANDARD = gnu11;
				GCC_DYNAMIC_NO_PIC = NO;
				GCC_NO_COMMON_BLOCKS = YES;
				GCC_OPTIMIZATION_LEVEL = 0;
				GCC_PREPROCESSOR_DEFINITIONS = (
					"DEBUG=1",
					"$(inherited)",
				);
				GCC_WARN_64_TO_32_BIT_CONVERSION = YES;
				GCC_WARN_ABOUT_RETURN_TYPE = YES_ERROR;
				GCC_WARN_UNDECLARED_SELECTOR = YES;
				GCC_WARN_UNINITIALIZED_AUTOS = YES_AGGRESSIVE;
				GCC_WARN_UNUSED_FUNCTION = YES;
				GCC_WARN_UNUSED_VARIABLE = YES;
				IPHONEOS_DEPLOYMENT_TARGET = 16.4;
				MTL_ENABLE_DEBUG_INFO = INCLUDE_SOURCE;
				MTL_FAST_MATH = YES;
				ONLY_ACTIVE_ARCH = YES;
				SDKROOT = iphoneos;
				SWIFT_ACTIVE_COMPILATION_CONDITIONS = DEBUG;
				SWIFT_OPTIMIZATION_LEVEL = "-Onone";
			};
			name = Debug;
		};
		AAE80FFB2A213E5E00A35195 /* Release */ = {
			isa = XCBuildConfiguration;
			buildSettings = {
				ALWAYS_SEARCH_USER_PATHS = NO;
				CLANG_ANALYZER_NONNULL = YES;
				CLANG_ANALYZER_NUMBER_OBJECT_CONVERSION = YES_AGGRESSIVE;
				CLANG_CXX_LANGUAGE_STANDARD = "gnu++20";
				CLANG_ENABLE_MODULES = YES;
				CLANG_ENABLE_OBJC_ARC = YES;
				CLANG_ENABLE_OBJC_WEAK = YES;
				CLANG_WARN_BLOCK_CAPTURE_AUTORELEASING = YES;
				CLANG_WARN_BOOL_CONVERSION = YES;
				CLANG_WARN_COMMA = YES;
				CLANG_WARN_CONSTANT_CONVERSION = YES;
				CLANG_WARN_DEPRECATED_OBJC_IMPLEMENTATIONS = YES;
				CLANG_WARN_DIRECT_OBJC_ISA_USAGE = YES_ERROR;
				CLANG_WARN_DOCUMENTATION_COMMENTS = YES;
				CLANG_WARN_EMPTY_BODY = YES;
				CLANG_WARN_ENUM_CONVERSION = YES;
				CLANG_WARN_INFINITE_RECURSION = YES;
				CLANG_WARN_INT_CONVERSION = YES;
				CLANG_WARN_NON_LITERAL_NULL_CONVERSION = YES;
				CLANG_WARN_OBJC_IMPLICIT_RETAIN_SELF = YES;
				CLANG_WARN_OBJC_LITERAL_CONVERSION = YES;
				CLANG_WARN_OBJC_ROOT_CLASS = YES_ERROR;
				CLANG_WARN_QUOTED_INCLUDE_IN_FRAMEWORK_HEADER = YES;
				CLANG_WARN_RANGE_LOOP_ANALYSIS = YES;
				CLANG_WARN_STRICT_PROTOTYPES = YES;
				CLANG_WARN_SUSPICIOUS_MOVE = YES;
				CLANG_WARN_UNGUARDED_AVAILABILITY = YES_AGGRESSIVE;
				CLANG_WARN_UNREACHABLE_CODE = YES;
				CLANG_WARN__DUPLICATE_METHOD_MATCH = YES;
				COPY_PHASE_STRIP = NO;
				DEBUG_INFORMATION_FORMAT = "dwarf-with-dsym";
				ENABLE_NS_ASSERTIONS = NO;
				ENABLE_STRICT_OBJC_MSGSEND = YES;
				GCC_C_LANGUAGE_STANDARD = gnu11;
				GCC_NO_COMMON_BLOCKS = YES;
				GCC_WARN_64_TO_32_BIT_CONVERSION = YES;
				GCC_WARN_ABOUT_RETURN_TYPE = YES_ERROR;
				GCC_WARN_UNDECLARED_SELECTOR = YES;
				GCC_WARN_UNINITIALIZED_AUTOS = YES_AGGRESSIVE;
				GCC_WARN_UNUSED_FUNCTION = YES;
				GCC_WARN_UNUSED_VARIABLE = YES;
				IPHONEOS_DEPLOYMENT_TARGET = 16.4;
				MTL_ENABLE_DEBUG_INFO = NO;
				MTL_FAST_MATH = YES;
				SDKROOT = iphoneos;
				SWIFT_COMPILATION_MODE = wholemodule;
				SWIFT_OPTIMIZATION_LEVEL = "-O";
				VALIDATE_PRODUCT = YES;
			};
			name = Release;
		};
		AAE80FFD2A213E5E00A35195 /* Debug */ = {
			isa = XCBuildConfiguration;
			buildSettings = {
				ASSETCATALOG_COMPILER_APPICON_NAME = AppIcon;
				ASSETCATALOG_COMPILER_GLOBAL_ACCENT_COLOR_NAME = AccentColor;
				CODE_SIGN_STYLE = Automatic;
				CURRENT_PROJECT_VERSION = 1;
				DEVELOPMENT_TEAM = B93B8LC9Q2;
				GENERATE_INFOPLIST_FILE = YES;
				INFOPLIST_FILE = Tracker/Info.plist;
				INFOPLIST_KEY_UIApplicationSupportsIndirectInputEvents = YES;
				INFOPLIST_KEY_UILaunchStoryboardName = LaunchScreen;
				INFOPLIST_KEY_UIStatusBarStyle = "";
				INFOPLIST_KEY_UISupportedInterfaceOrientations_iPad = "UIInterfaceOrientationPortrait UIInterfaceOrientationPortraitUpsideDown UIInterfaceOrientationLandscapeLeft UIInterfaceOrientationLandscapeRight";
				INFOPLIST_KEY_UISupportedInterfaceOrientations_iPhone = "UIInterfaceOrientationPortrait UIInterfaceOrientationLandscapeLeft UIInterfaceOrientationLandscapeRight";
				IPHONEOS_DEPLOYMENT_TARGET = 13.4;
				LD_RUNPATH_SEARCH_PATHS = (
					"$(inherited)",
					"@executable_path/Frameworks",
				);
				MARKETING_VERSION = 1.0;
				PRODUCT_BUNDLE_IDENTIFIER = com.toxiccompany.Tracker;
				PRODUCT_NAME = "$(TARGET_NAME)";
				SWIFT_EMIT_LOC_STRINGS = YES;
				SWIFT_VERSION = 5.0;
				TARGETED_DEVICE_FAMILY = "1,2";
			};
			name = Debug;
		};
		AAE80FFE2A213E5E00A35195 /* Release */ = {
			isa = XCBuildConfiguration;
			buildSettings = {
				ASSETCATALOG_COMPILER_APPICON_NAME = AppIcon;
				ASSETCATALOG_COMPILER_GLOBAL_ACCENT_COLOR_NAME = AccentColor;
				CODE_SIGN_STYLE = Automatic;
				CURRENT_PROJECT_VERSION = 1;
				DEVELOPMENT_TEAM = B93B8LC9Q2;
				GENERATE_INFOPLIST_FILE = YES;
				INFOPLIST_FILE = Tracker/Info.plist;
				INFOPLIST_KEY_UIApplicationSupportsIndirectInputEvents = YES;
				INFOPLIST_KEY_UILaunchStoryboardName = LaunchScreen;
				INFOPLIST_KEY_UIStatusBarStyle = "";
				INFOPLIST_KEY_UISupportedInterfaceOrientations_iPad = "UIInterfaceOrientationPortrait UIInterfaceOrientationPortraitUpsideDown UIInterfaceOrientationLandscapeLeft UIInterfaceOrientationLandscapeRight";
				INFOPLIST_KEY_UISupportedInterfaceOrientations_iPhone = "UIInterfaceOrientationPortrait UIInterfaceOrientationLandscapeLeft UIInterfaceOrientationLandscapeRight";
				IPHONEOS_DEPLOYMENT_TARGET = 13.4;
				LD_RUNPATH_SEARCH_PATHS = (
					"$(inherited)",
					"@executable_path/Frameworks",
				);
				MARKETING_VERSION = 1.0;
				PRODUCT_BUNDLE_IDENTIFIER = com.toxiccompany.Tracker;
				PRODUCT_NAME = "$(TARGET_NAME)";
				SWIFT_EMIT_LOC_STRINGS = YES;
				SWIFT_VERSION = 5.0;
				TARGETED_DEVICE_FAMILY = "1,2";
			};
			name = Release;
		};
		AAE810002A213E5E00A35195 /* Debug */ = {
			isa = XCBuildConfiguration;
			buildSettings = {
				ALWAYS_EMBED_SWIFT_STANDARD_LIBRARIES = YES;
				BUNDLE_LOADER = "$(TEST_HOST)";
				CODE_SIGN_STYLE = Automatic;
				CURRENT_PROJECT_VERSION = 1;
				DEVELOPMENT_TEAM = B93B8LC9Q2;
				GENERATE_INFOPLIST_FILE = YES;
				IPHONEOS_DEPLOYMENT_TARGET = 16.4;
				MARKETING_VERSION = 1.0;
				PRODUCT_BUNDLE_IDENTIFIER = com.toxiccompany.TrackerTests;
				PRODUCT_NAME = "$(TARGET_NAME)";
				SWIFT_EMIT_LOC_STRINGS = NO;
				SWIFT_VERSION = 5.0;
				TARGETED_DEVICE_FAMILY = "1,2";
				TEST_HOST = "$(BUILT_PRODUCTS_DIR)/Tracker.app/$(BUNDLE_EXECUTABLE_FOLDER_PATH)/Tracker";
			};
			name = Debug;
		};
		AAE810012A213E5E00A35195 /* Release */ = {
			isa = XCBuildConfiguration;
			buildSettings = {
				ALWAYS_EMBED_SWIFT_STANDARD_LIBRARIES = YES;
				BUNDLE_LOADER = "$(TEST_HOST)";
				CODE_SIGN_STYLE = Automatic;
				CURRENT_PROJECT_VERSION = 1;
				DEVELOPMENT_TEAM = B93B8LC9Q2;
				GENERATE_INFOPLIST_FILE = YES;
				IPHONEOS_DEPLOYMENT_TARGET = 16.4;
				MARKETING_VERSION = 1.0;
				PRODUCT_BUNDLE_IDENTIFIER = com.toxiccompany.TrackerTests;
				PRODUCT_NAME = "$(TARGET_NAME)";
				SWIFT_EMIT_LOC_STRINGS = NO;
				SWIFT_VERSION = 5.0;
				TARGETED_DEVICE_FAMILY = "1,2";
				TEST_HOST = "$(BUILT_PRODUCTS_DIR)/Tracker.app/$(BUNDLE_EXECUTABLE_FOLDER_PATH)/Tracker";
			};
			name = Release;
		};
		AAE810032A213E5E00A35195 /* Debug */ = {
			isa = XCBuildConfiguration;
			buildSettings = {
				ALWAYS_EMBED_SWIFT_STANDARD_LIBRARIES = YES;
				CODE_SIGN_STYLE = Automatic;
				CURRENT_PROJECT_VERSION = 1;
				DEVELOPMENT_TEAM = B93B8LC9Q2;
				GENERATE_INFOPLIST_FILE = YES;
				MARKETING_VERSION = 1.0;
				PRODUCT_BUNDLE_IDENTIFIER = com.toxiccompany.TrackerUITests;
				PRODUCT_NAME = "$(TARGET_NAME)";
				SWIFT_EMIT_LOC_STRINGS = NO;
				SWIFT_VERSION = 5.0;
				TARGETED_DEVICE_FAMILY = "1,2";
				TEST_TARGET_NAME = Tracker;
			};
			name = Debug;
		};
		AAE810042A213E5E00A35195 /* Release */ = {
			isa = XCBuildConfiguration;
			buildSettings = {
				ALWAYS_EMBED_SWIFT_STANDARD_LIBRARIES = YES;
				CODE_SIGN_STYLE = Automatic;
				CURRENT_PROJECT_VERSION = 1;
				DEVELOPMENT_TEAM = B93B8LC9Q2;
				GENERATE_INFOPLIST_FILE = YES;
				MARKETING_VERSION = 1.0;
				PRODUCT_BUNDLE_IDENTIFIER = com.toxiccompany.TrackerUITests;
				PRODUCT_NAME = "$(TARGET_NAME)";
				SWIFT_EMIT_LOC_STRINGS = NO;
				SWIFT_VERSION = 5.0;
				TARGETED_DEVICE_FAMILY = "1,2";
				TEST_TARGET_NAME = Tracker;
			};
			name = Release;
		};
/* End XCBuildConfiguration section */

/* Begin XCConfigurationList section */
		AAE80FCD2A213E5D00A35195 /* Build configuration list for PBXProject "Tracker" */ = {
			isa = XCConfigurationList;
			buildConfigurations = (
				AAE80FFA2A213E5E00A35195 /* Debug */,
				AAE80FFB2A213E5E00A35195 /* Release */,
			);
			defaultConfigurationIsVisible = 0;
			defaultConfigurationName = Release;
		};
		AAE80FFC2A213E5E00A35195 /* Build configuration list for PBXNativeTarget "Tracker" */ = {
			isa = XCConfigurationList;
			buildConfigurations = (
				AAE80FFD2A213E5E00A35195 /* Debug */,
				AAE80FFE2A213E5E00A35195 /* Release */,
			);
			defaultConfigurationIsVisible = 0;
			defaultConfigurationName = Release;
		};
		AAE80FFF2A213E5E00A35195 /* Build configuration list for PBXNativeTarget "TrackerTests" */ = {
			isa = XCConfigurationList;
			buildConfigurations = (
				AAE810002A213E5E00A35195 /* Debug */,
				AAE810012A213E5E00A35195 /* Release */,
			);
			defaultConfigurationIsVisible = 0;
			defaultConfigurationName = Release;
		};
		AAE810022A213E5E00A35195 /* Build configuration list for PBXNativeTarget "TrackerUITests" */ = {
			isa = XCConfigurationList;
			buildConfigurations = (
				AAE810032A213E5E00A35195 /* Debug */,
				AAE810042A213E5E00A35195 /* Release */,
			);
			defaultConfigurationIsVisible = 0;
			defaultConfigurationName = Release;
		};
/* End XCConfigurationList section */
	};
	rootObject = AAE80FCA2A213E5D00A35195 /* Project object */;
}
